// !$*UTF8*$!
{
	archiveVersion = 1;
	classes = {
	};
	objectVersion = 55;
	objects = {

/* Begin PBXBuildFile section */
		0302BBA029262BD5000238A1 /* HeaderHomeReusableView.xib in Resources */ = {isa = PBXBuildFile; fileRef = 0302BB9F29262BD5000238A1 /* HeaderHomeReusableView.xib */; };
		0302BBA22926399A000238A1 /* HeaderHomeReusableView.swift in Sources */ = {isa = PBXBuildFile; fileRef = 0302BBA12926399A000238A1 /* HeaderHomeReusableView.swift */; };
		0302BBA4292639F0000238A1 /* BaseCustomView.swift in Sources */ = {isa = PBXBuildFile; fileRef = 0302BBA3292639F0000238A1 /* BaseCustomView.swift */; };
		0302BBA629263A58000238A1 /* NameDescribable.swift in Sources */ = {isa = PBXBuildFile; fileRef = 0302BBA529263A58000238A1 /* NameDescribable.swift */; };
		0302BBA829263C0E000238A1 /* HomeViewModel.swift in Sources */ = {isa = PBXBuildFile; fileRef = 0302BBA729263C0E000238A1 /* HomeViewModel.swift */; };
		0302BBAB29266077000238A1 /* NewsFeedCollectionViewCell.swift in Sources */ = {isa = PBXBuildFile; fileRef = 0302BBAA29266077000238A1 /* NewsFeedCollectionViewCell.swift */; };
		0302BBAD2926609C000238A1 /* NewsFeedCollectionViewCell.xib in Resources */ = {isa = PBXBuildFile; fileRef = 0302BBAC2926609C000238A1 /* NewsFeedCollectionViewCell.xib */; };
		0309D987290048B50000F9D6 /* InputTextField.swift in Sources */ = {isa = PBXBuildFile; fileRef = 0309D986290048B50000F9D6 /* InputTextField.swift */; };
		0345C93D28FA71610029F4F9 /* R.generated.swift in Sources */ = {isa = PBXBuildFile; fileRef = 0345C93C28FA71610029F4F9 /* R.generated.swift */; };
		0345C93F28FAA1290029F4F9 /* Keys.swift in Sources */ = {isa = PBXBuildFile; fileRef = 0345C93E28FAA1290029F4F9 /* Keys.swift */; };
		0345C94128FAA5FC0029F4F9 /* AttorneyFormatter.swift in Sources */ = {isa = PBXBuildFile; fileRef = 0345C94028FAA5FC0029F4F9 /* AttorneyFormatter.swift */; };
		035424D22912CEB7002235FB /* ErrorViewController.swift in Sources */ = {isa = PBXBuildFile; fileRef = 035424D12912CEB7002235FB /* ErrorViewController.swift */; };
		035424D42912D316002235FB /* UIViewControllerExtension.swift in Sources */ = {isa = PBXBuildFile; fileRef = 035424D32912D316002235FB /* UIViewControllerExtension.swift */; };
		035424D62912D42C002235FB /* VerifyOTPViewModel.swift in Sources */ = {isa = PBXBuildFile; fileRef = 035424D52912D42C002235FB /* VerifyOTPViewModel.swift */; };
		035A46CF291410BB00A64898 /* DigitInputView.swift in Sources */ = {isa = PBXBuildFile; fileRef = 035A46CE291410BB00A64898 /* DigitInputView.swift */; };
		035A46D2291413A300A64898 /* AttorneyTransition.swift in Sources */ = {isa = PBXBuildFile; fileRef = 035A46D1291413A300A64898 /* AttorneyTransition.swift */; };
		035A46D42914146200A64898 /* Transitions.storyboard in Resources */ = {isa = PBXBuildFile; fileRef = 035A46D32914146200A64898 /* Transitions.storyboard */; };
		035A46D7291414A200A64898 /* TinyLoadingViewController.swift in Sources */ = {isa = PBXBuildFile; fileRef = 035A46D6291414A200A64898 /* TinyLoadingViewController.swift */; };
		035DF5302901956900A80C8E /* CoachmarkView.swift in Sources */ = {isa = PBXBuildFile; fileRef = 035DF52F2901956900A80C8E /* CoachmarkView.swift */; };
		035DF533290196CF00A80C8E /* CoachmarkPreferences.swift in Sources */ = {isa = PBXBuildFile; fileRef = 035DF532290196CF00A80C8E /* CoachmarkPreferences.swift */; };
		035DF5352901970C00A80C8E /* CoachmarkContent.swift in Sources */ = {isa = PBXBuildFile; fileRef = 035DF5342901970C00A80C8E /* CoachmarkContent.swift */; };
		035DF5372901973C00A80C8E /* CoachmarkType.swift in Sources */ = {isa = PBXBuildFile; fileRef = 035DF5362901973C00A80C8E /* CoachmarkType.swift */; };
		035DF53929019E8E00A80C8E /* CGReactExtension.swift in Sources */ = {isa = PBXBuildFile; fileRef = 035DF53829019E8E00A80C8E /* CGReactExtension.swift */; };
		037665B2292FEEF9002FA7DE /* DetailPost.storyboard in Resources */ = {isa = PBXBuildFile; fileRef = 037665B1292FEEF9002FA7DE /* DetailPost.storyboard */; };
		038B9DF529162BCD00039F4D /* ResetPasswordViewModel.swift in Sources */ = {isa = PBXBuildFile; fileRef = 038B9DF429162BCD00039F4D /* ResetPasswordViewModel.swift */; };
		038B9DF729162D4400039F4D /* ResetPassword.swift in Sources */ = {isa = PBXBuildFile; fileRef = 038B9DF629162D4400039F4D /* ResetPassword.swift */; };
		038F24D928FBEA2700F20009 /* UIFontExtension.swift in Sources */ = {isa = PBXBuildFile; fileRef = 038F24D828FBEA2700F20009 /* UIFontExtension.swift */; };
		03933CC529311A10001E4631 /* PostDetailViewController.swift in Sources */ = {isa = PBXBuildFile; fileRef = 03933CC429311A10001E4631 /* PostDetailViewController.swift */; };
		03933CC72932474F001E4631 /* PostDetailViewModel.swift in Sources */ = {isa = PBXBuildFile; fileRef = 03933CC62932474F001E4631 /* PostDetailViewModel.swift */; };
		039772552912C6460042A435 /* Error.storyboard in Resources */ = {isa = PBXBuildFile; fileRef = 039772542912C6460042A435 /* Error.storyboard */; };
		03A63D9E2905371300C1C72D /* RegisterViewController.swift in Sources */ = {isa = PBXBuildFile; fileRef = 03A63D9D2905371300C1C72D /* RegisterViewController.swift */; };
		03A63DA02905388000C1C72D /* ValidationRegistrationForm.swift in Sources */ = {isa = PBXBuildFile; fileRef = 03A63D9F2905388000C1C72D /* ValidationRegistrationForm.swift */; };
		03A63DA229053ABA00C1C72D /* DateExtension.swift in Sources */ = {isa = PBXBuildFile; fileRef = 03A63DA129053ABA00C1C72D /* DateExtension.swift */; };
		03A63DA429053C9800C1C72D /* RegistrasionViewModel.swift in Sources */ = {isa = PBXBuildFile; fileRef = 03A63DA329053C9800C1C72D /* RegistrasionViewModel.swift */; };
		03A63DA629057B5900C1C72D /* Register.swift in Sources */ = {isa = PBXBuildFile; fileRef = 03A63DA529057B5900C1C72D /* Register.swift */; };
		03B893E629288DB000803DD9 /* Post.swift in Sources */ = {isa = PBXBuildFile; fileRef = 03B893E529288DB000803DD9 /* Post.swift */; };
		03B893E92928B43800803DD9 /* PostList.swift in Sources */ = {isa = PBXBuildFile; fileRef = 03B893E82928B43800803DD9 /* PostList.swift */; };
		03B893EB2928BC2A00803DD9 /* UIScrollViewExtension.swift in Sources */ = {isa = PBXBuildFile; fileRef = 03B893EA2928BC2A00803DD9 /* UIScrollViewExtension.swift */; };
		03B893ED2928C43E00803DD9 /* LoadmoreIndicatorReusableView.swift in Sources */ = {isa = PBXBuildFile; fileRef = 03B893EC2928C43E00803DD9 /* LoadmoreIndicatorReusableView.swift */; };
		03B893F02928C4AB00803DD9 /* LoadmoreIndicatorReusableView.xib in Resources */ = {isa = PBXBuildFile; fileRef = 03B893EF2928C4AB00803DD9 /* LoadmoreIndicatorReusableView.xib */; };
		03B893F32928C54500803DD9 /* NewsfeedSkeletonCollectionViewCell.swift in Sources */ = {isa = PBXBuildFile; fileRef = 03B893F12928C54500803DD9 /* NewsfeedSkeletonCollectionViewCell.swift */; };
		03B893F42928C54500803DD9 /* NewsfeedSkeletonCollectionViewCell.xib in Resources */ = {isa = PBXBuildFile; fileRef = 03B893F22928C54500803DD9 /* NewsfeedSkeletonCollectionViewCell.xib */; };
		03B893F62928CC3500803DD9 /* ReusableViewExtension.swift in Sources */ = {isa = PBXBuildFile; fileRef = 03B893F52928CC3500803DD9 /* ReusableViewExtension.swift */; };
		03B893F8292907FC00803DD9 /* UIImageViewExtension.swift in Sources */ = {isa = PBXBuildFile; fileRef = 03B893F7292907FC00803DD9 /* UIImageViewExtension.swift */; };
		03B893FC29290EB000803DD9 /* UserDefaultExtension.swift in Sources */ = {isa = PBXBuildFile; fileRef = 03B893FB29290EB000803DD9 /* UserDefaultExtension.swift */; };
		03C40A0F2933D2400097A905 /* Comment.swift in Sources */ = {isa = PBXBuildFile; fileRef = 03C40A0E2933D2400097A905 /* Comment.swift */; };
		03C8A031290F2CF80093E097 /* UITextViewExtension.swift in Sources */ = {isa = PBXBuildFile; fileRef = 03C8A030290F2CF80093E097 /* UITextViewExtension.swift */; };
		03D5839E2914EDF600D0D4E3 /* Success.storyboard in Resources */ = {isa = PBXBuildFile; fileRef = 03D5839D2914EDF600D0D4E3 /* Success.storyboard */; };
		03D583A02914EF2500D0D4E3 /* SuccessViewController.swift in Sources */ = {isa = PBXBuildFile; fileRef = 03D5839F2914EF2500D0D4E3 /* SuccessViewController.swift */; };
		03D583A32915050400D0D4E3 /* RequestOTPViewModel.swift in Sources */ = {isa = PBXBuildFile; fileRef = 03D583A22915050400D0D4E3 /* RequestOTPViewModel.swift */; };
		03D7309128FED12100BBA498 /* ResetPasswordViewController.swift in Sources */ = {isa = PBXBuildFile; fileRef = 03D7309028FED12100BBA498 /* ResetPasswordViewController.swift */; };
		03D7309328FED13C00BBA498 /* ResetPassword.storyboard in Resources */ = {isa = PBXBuildFile; fileRef = 03D7309228FED13C00BBA498 /* ResetPassword.storyboard */; };
		03D7309628FEDAA300BBA498 /* RequestOTPViewController.swift in Sources */ = {isa = PBXBuildFile; fileRef = 03D7309528FEDAA300BBA498 /* RequestOTPViewController.swift */; };
		03D7309D28FEEE4D00BBA498 /* VerifyOTP.storyboard in Resources */ = {isa = PBXBuildFile; fileRef = 03D7309C28FEEE4D00BBA498 /* VerifyOTP.storyboard */; };
		03D730A028FEEF4C00BBA498 /* VerifyOTPViewController.swift in Sources */ = {isa = PBXBuildFile; fileRef = 03D7309F28FEEF4C00BBA498 /* VerifyOTPViewController.swift */; };
		03E318CE292BD3C0004C7791 /* NSAttributedStringExtension.swift in Sources */ = {isa = PBXBuildFile; fileRef = 03E318CD292BD3C0004C7791 /* NSAttributedStringExtension.swift */; };
		03EE2BB2290D060300A8317A /* Login.swift in Sources */ = {isa = PBXBuildFile; fileRef = 03EE2BB1290D060300A8317A /* Login.swift */; };
		03EE2BB4290D0D3A00A8317A /* PrimitiveSequenceExtension.swift in Sources */ = {isa = PBXBuildFile; fileRef = 03EE2BB3290D0D3A00A8317A /* PrimitiveSequenceExtension.swift */; };
		03EE2BB8290D0DBA00A8317A /* AttorneyError.swift in Sources */ = {isa = PBXBuildFile; fileRef = 03EE2BB7290D0DBA00A8317A /* AttorneyError.swift */; };
		03EE2BBA290D105100A8317A /* ErrorResponse.swift in Sources */ = {isa = PBXBuildFile; fileRef = 03EE2BB9290D105100A8317A /* ErrorResponse.swift */; };
		03EE2BBC290D10EA00A8317A /* Codable.swift in Sources */ = {isa = PBXBuildFile; fileRef = 03EE2BBB290D10EA00A8317A /* Codable.swift */; };
		03EE2BBE290D1AAC00A8317A /* ObservableType+Codable.swift in Sources */ = {isa = PBXBuildFile; fileRef = 03EE2BBD290D1AAC00A8317A /* ObservableType+Codable.swift */; };
		03EE2BC0290D1ACE00A8317A /* Response+Codable.swift in Sources */ = {isa = PBXBuildFile; fileRef = 03EE2BBF290D1ACE00A8317A /* Response+Codable.swift */; };
		03EE2BC2290D20BD00A8317A /* Single+Codable.swift in Sources */ = {isa = PBXBuildFile; fileRef = 03EE2BC1290D20BD00A8317A /* Single+Codable.swift */; };
		03EE2BC4290D4F2700A8317A /* LoginViewModel.swift in Sources */ = {isa = PBXBuildFile; fileRef = 03EE2BC3290D4F2700A8317A /* LoginViewModel.swift */; };
		03EE2BC6290D502D00A8317A /* ErrorMessage.swift in Sources */ = {isa = PBXBuildFile; fileRef = 03EE2BC5290D502D00A8317A /* ErrorMessage.swift */; };
		0EBB24BFF25640264271378A /* Pods_Attorney.framework in Frameworks */ = {isa = PBXBuildFile; fileRef = E0C7BD7D7A2D53E0A8E5ECF4 /* Pods_Attorney.framework */; };
		F31EF4F828F1E18E0043E7AB /* Localizable.strings in Resources */ = {isa = PBXBuildFile; fileRef = F31EF4FA28F1E18E0043E7AB /* Localizable.strings */; };
		F32C522128F2A73A00E6C840 /* UIColorExtension.swift in Sources */ = {isa = PBXBuildFile; fileRef = F32C522028F2A73A00E6C840 /* UIColorExtension.swift */; };
		F32C522328F3262300E6C840 /* Launch Screen.storyboard in Resources */ = {isa = PBXBuildFile; fileRef = F32C522228F3262300E6C840 /* Launch Screen.storyboard */; };
		F32C522928F32D7E00E6C840 /* launchScreen.json in Resources */ = {isa = PBXBuildFile; fileRef = F32C522828F32D7D00E6C840 /* launchScreen.json */; };
		F32C522A28F334F200E6C840 /* Assets.xcassets in Resources */ = {isa = PBXBuildFile; fileRef = F37CB00028E819D30061B273 /* Assets.xcassets */; };
		F32C522D28F33AD700E6C840 /* AttorneySNSAPI.swift in Sources */ = {isa = PBXBuildFile; fileRef = F32C522C28F33AD700E6C840 /* AttorneySNSAPI.swift */; };
		F32C522F28F33BF700E6C840 /* Application.swift in Sources */ = {isa = PBXBuildFile; fileRef = F32C522E28F33BF700E6C840 /* Application.swift */; };
		F32C523128F33D1400E6C840 /* Networking.swift in Sources */ = {isa = PBXBuildFile; fileRef = F32C523028F33D1400E6C840 /* Networking.swift */; };
		F32C523328F33EDC00E6C840 /* Reachablity.swift in Sources */ = {isa = PBXBuildFile; fileRef = F32C523228F33EDC00E6C840 /* Reachablity.swift */; };
		F32C523528F409C700E6C840 /* RestAPI.swift in Sources */ = {isa = PBXBuildFile; fileRef = F32C523428F409C700E6C840 /* RestAPI.swift */; };
		F32C523728F40A8500E6C840 /* AttorneyAPIProtocol.swift in Sources */ = {isa = PBXBuildFile; fileRef = F32C523628F40A8500E6C840 /* AttorneyAPIProtocol.swift */; };
		F32C523928F4649F00E6C840 /* UserService.swift in Sources */ = {isa = PBXBuildFile; fileRef = F32C523828F4649F00E6C840 /* UserService.swift */; };
		F32C523B28F4650E00E6C840 /* UserInfo.swift in Sources */ = {isa = PBXBuildFile; fileRef = F32C523A28F4650E00E6C840 /* UserInfo.swift */; };
		F32C523D28F4777F00E6C840 /* UIButtonExtension.swift in Sources */ = {isa = PBXBuildFile; fileRef = F32C523C28F4777F00E6C840 /* UIButtonExtension.swift */; };
		F32C523F28F477F300E6C840 /* UIViewExtension.swift in Sources */ = {isa = PBXBuildFile; fileRef = F32C523E28F477F300E6C840 /* UIViewExtension.swift */; };
		F32C525228F5E50200E6C840 /* ProximaNova-SboldIt.otf in Resources */ = {isa = PBXBuildFile; fileRef = F32C524428F5E4FD00E6C840 /* ProximaNova-SboldIt.otf */; };
		F32C525328F5E50200E6C840 /* ProximaNova-BoldIt.otf in Resources */ = {isa = PBXBuildFile; fileRef = F32C524528F5E4FD00E6C840 /* ProximaNova-BoldIt.otf */; };
		F32C525428F5E50200E6C840 /* ProximaNova-Black.otf in Resources */ = {isa = PBXBuildFile; fileRef = F32C524628F5E4FD00E6C840 /* ProximaNova-Black.otf */; };
		F32C525528F5E50200E6C840 /* ProximaNova-Bold.otf in Resources */ = {isa = PBXBuildFile; fileRef = F32C524728F5E4FE00E6C840 /* ProximaNova-Bold.otf */; };
		F32C525628F5E50200E6C840 /* ProximaNova-Sbold.otf in Resources */ = {isa = PBXBuildFile; fileRef = F32C524828F5E4FE00E6C840 /* ProximaNova-Sbold.otf */; };
		F32C525728F5E50200E6C840 /* ProximaNova-Light.otf in Resources */ = {isa = PBXBuildFile; fileRef = F32C524928F5E4FE00E6C840 /* ProximaNova-Light.otf */; };
		F32C525828F5E50200E6C840 /* ProximaNova-RegIt.otf in Resources */ = {isa = PBXBuildFile; fileRef = F32C524A28F5E4FF00E6C840 /* ProximaNova-RegIt.otf */; };
		F32C525928F5E50200E6C840 /* ProximaNova-Thin.otf in Resources */ = {isa = PBXBuildFile; fileRef = F32C524B28F5E4FF00E6C840 /* ProximaNova-Thin.otf */; };
		F32C525A28F5E50200E6C840 /* ProximaNova-ThinIt.otf in Resources */ = {isa = PBXBuildFile; fileRef = F32C524C28F5E50000E6C840 /* ProximaNova-ThinIt.otf */; };
		F32C525B28F5E50200E6C840 /* ProximaNova-Xbold.otf in Resources */ = {isa = PBXBuildFile; fileRef = F32C524D28F5E50000E6C840 /* ProximaNova-Xbold.otf */; };
		F32C525C28F5E50200E6C840 /* ProximaNova-Reg.otf in Resources */ = {isa = PBXBuildFile; fileRef = F32C524E28F5E50000E6C840 /* ProximaNova-Reg.otf */; };
		F32C525D28F5E50200E6C840 /* ProximaNova-LightIt.otf in Resources */ = {isa = PBXBuildFile; fileRef = F32C524F28F5E50000E6C840 /* ProximaNova-LightIt.otf */; };
		F32C525E28F5E50200E6C840 /* ProximaNova-XboldIt.otf in Resources */ = {isa = PBXBuildFile; fileRef = F32C525028F5E50100E6C840 /* ProximaNova-XboldIt.otf */; };
		F32C525F28F5E50200E6C840 /* ProximaNova-BlackIt.otf in Resources */ = {isa = PBXBuildFile; fileRef = F32C525128F5E50100E6C840 /* ProximaNova-BlackIt.otf */; };
		F32C526328F7259200E6C840 /* UITextFieldExtension.swift in Sources */ = {isa = PBXBuildFile; fileRef = F32C526228F7259200E6C840 /* UITextFieldExtension.swift */; };
		F32C526528F725FE00E6C840 /* StringExtension.swift in Sources */ = {isa = PBXBuildFile; fileRef = F32C526428F725FE00E6C840 /* StringExtension.swift */; };
		F37CAFF828E819D10061B273 /* AppDelegate.swift in Sources */ = {isa = PBXBuildFile; fileRef = F37CAFF728E819D10061B273 /* AppDelegate.swift */; };
		F37CB01728E81BE40061B273 /* DebugLog.swift in Sources */ = {isa = PBXBuildFile; fileRef = F37CB01628E81BE40061B273 /* DebugLog.swift */; };
		F37CB01928E81D570061B273 /* ApplicationCoordinator.swift in Sources */ = {isa = PBXBuildFile; fileRef = F37CB01828E81D570061B273 /* ApplicationCoordinator.swift */; };
		F37CB01E28E8233D0061B273 /* ViewController.swift in Sources */ = {isa = PBXBuildFile; fileRef = F37CB01D28E8233D0061B273 /* ViewController.swift */; };
		F37CB02028E8260F0061B273 /* ViewModel.swift in Sources */ = {isa = PBXBuildFile; fileRef = F37CB01F28E8260F0061B273 /* ViewModel.swift */; };
		F37CB02528E83CE90061B273 /* Login.storyboard in Resources */ = {isa = PBXBuildFile; fileRef = F37CB02428E83CE90061B273 /* Login.storyboard */; };
		F37CB02728E83D200061B273 /* DashboardTabbar.storyboard in Resources */ = {isa = PBXBuildFile; fileRef = F37CB02628E83D200061B273 /* DashboardTabbar.storyboard */; };
		F37CB02928E83D5C0061B273 /* Home.storyboard in Resources */ = {isa = PBXBuildFile; fileRef = F37CB02828E83D5C0061B273 /* Home.storyboard */; };
		F37CB02B28E83D890061B273 /* Notifications.storyboard in Resources */ = {isa = PBXBuildFile; fileRef = F37CB02A28E83D890061B273 /* Notifications.storyboard */; };
		F37CB02D28E83D940061B273 /* Menu.storyboard in Resources */ = {isa = PBXBuildFile; fileRef = F37CB02C28E83D940061B273 /* Menu.storyboard */; };
		F37CB02F28E83DB60061B273 /* Messages.storyboard in Resources */ = {isa = PBXBuildFile; fileRef = F37CB02E28E83DB60061B273 /* Messages.storyboard */; };
		F37CB03128E83DC90061B273 /* Register.storyboard in Resources */ = {isa = PBXBuildFile; fileRef = F37CB03028E83DC90061B273 /* Register.storyboard */; };
		F37CB03A28E840930061B273 /* LoginViewController.swift in Sources */ = {isa = PBXBuildFile; fileRef = F37CB03928E840930061B273 /* LoginViewController.swift */; };
		F37CB03E28E840E10061B273 /* DashboardTabBarController.swift in Sources */ = {isa = PBXBuildFile; fileRef = F37CB03D28E840E10061B273 /* DashboardTabBarController.swift */; };
		F37CB04028E840F50061B273 /* MenuViewController.swift in Sources */ = {isa = PBXBuildFile; fileRef = F37CB03F28E840F50061B273 /* MenuViewController.swift */; };
		F37CB04228E841010061B273 /* HomeViewController.swift in Sources */ = {isa = PBXBuildFile; fileRef = F37CB04128E841010061B273 /* HomeViewController.swift */; };
		F37CB04428E841140061B273 /* NotificationsViewController.swift in Sources */ = {isa = PBXBuildFile; fileRef = F37CB04328E841140061B273 /* NotificationsViewController.swift */; };
		F37CB04628E841220061B273 /* MessagesViewController.swift in Sources */ = {isa = PBXBuildFile; fileRef = F37CB04528E841220061B273 /* MessagesViewController.swift */; };
		F37CB04828E843510061B273 /* ColorConstants.swift in Sources */ = {isa = PBXBuildFile; fileRef = F37CB04728E843510061B273 /* ColorConstants.swift */; };
		F37CB04B28E846C20061B273 /* ActivityIndicator.swift in Sources */ = {isa = PBXBuildFile; fileRef = F37CB04A28E846C20061B273 /* ActivityIndicator.swift */; };
		F37CB04D28E846D30061B273 /* ErrorTracker.swift in Sources */ = {isa = PBXBuildFile; fileRef = F37CB04C28E846D30061B273 /* ErrorTracker.swift */; };
		F37CB04F28E848AE0061B273 /* Observable+Operators.swift in Sources */ = {isa = PBXBuildFile; fileRef = F37CB04E28E848AE0061B273 /* Observable+Operators.swift */; };
		F37CB05228E849520061B273 /* Configurations.swift in Sources */ = {isa = PBXBuildFile; fileRef = F37CB05128E849520061B273 /* Configurations.swift */; };
		F3886F1828EFD06600A14F47 /* SplashViewController.swift in Sources */ = {isa = PBXBuildFile; fileRef = F3886F1728EFD06600A14F47 /* SplashViewController.swift */; };
		F3886F1A28EFD1B400A14F47 /* SplashScreen.storyboard in Resources */ = {isa = PBXBuildFile; fileRef = F3886F1928EFD1B400A14F47 /* SplashScreen.storyboard */; };
		F3886F1D28EFEA4100A14F47 /* HomeCoordinator.swift in Sources */ = {isa = PBXBuildFile; fileRef = F3886F1C28EFEA4100A14F47 /* HomeCoordinator.swift */; };
		F3886F1F28EFEA5B00A14F47 /* MessageCoordinator.swift in Sources */ = {isa = PBXBuildFile; fileRef = F3886F1E28EFEA5B00A14F47 /* MessageCoordinator.swift */; };
		F3886F2128EFEA6E00A14F47 /* NotificationCoordinator.swift in Sources */ = {isa = PBXBuildFile; fileRef = F3886F2028EFEA6E00A14F47 /* NotificationCoordinator.swift */; };
		F3886F2328EFEA8A00A14F47 /* MenuCoordinator.swift in Sources */ = {isa = PBXBuildFile; fileRef = F3886F2228EFEA8A00A14F47 /* MenuCoordinator.swift */; };
/* End PBXBuildFile section */

/* Begin PBXFileReference section */
		0302BB9F29262BD5000238A1 /* HeaderHomeReusableView.xib */ = {isa = PBXFileReference; lastKnownFileType = file.xib; path = HeaderHomeReusableView.xib; sourceTree = "<group>"; };
		0302BBA12926399A000238A1 /* HeaderHomeReusableView.swift */ = {isa = PBXFileReference; lastKnownFileType = sourcecode.swift; path = HeaderHomeReusableView.swift; sourceTree = "<group>"; };
		0302BBA3292639F0000238A1 /* BaseCustomView.swift */ = {isa = PBXFileReference; lastKnownFileType = sourcecode.swift; path = BaseCustomView.swift; sourceTree = "<group>"; };
		0302BBA529263A58000238A1 /* NameDescribable.swift */ = {isa = PBXFileReference; lastKnownFileType = sourcecode.swift; path = NameDescribable.swift; sourceTree = "<group>"; };
		0302BBA729263C0E000238A1 /* HomeViewModel.swift */ = {isa = PBXFileReference; lastKnownFileType = sourcecode.swift; path = HomeViewModel.swift; sourceTree = "<group>"; };
		0302BBAA29266077000238A1 /* NewsFeedCollectionViewCell.swift */ = {isa = PBXFileReference; lastKnownFileType = sourcecode.swift; path = NewsFeedCollectionViewCell.swift; sourceTree = "<group>"; };
		0302BBAC2926609C000238A1 /* NewsFeedCollectionViewCell.xib */ = {isa = PBXFileReference; lastKnownFileType = file.xib; path = NewsFeedCollectionViewCell.xib; sourceTree = "<group>"; };
		0309D986290048B50000F9D6 /* InputTextField.swift */ = {isa = PBXFileReference; lastKnownFileType = sourcecode.swift; path = InputTextField.swift; sourceTree = "<group>"; };
		0345C93C28FA71610029F4F9 /* R.generated.swift */ = {isa = PBXFileReference; fileEncoding = 4; lastKnownFileType = sourcecode.swift; path = R.generated.swift; sourceTree = SOURCE_ROOT; };
		0345C93E28FAA1290029F4F9 /* Keys.swift */ = {isa = PBXFileReference; lastKnownFileType = sourcecode.swift; path = Keys.swift; sourceTree = "<group>"; };
		0345C94028FAA5FC0029F4F9 /* AttorneyFormatter.swift */ = {isa = PBXFileReference; lastKnownFileType = sourcecode.swift; name = AttorneyFormatter.swift; path = Attorney/Common/AttorneyFormatter.swift; sourceTree = SOURCE_ROOT; };
		035424D12912CEB7002235FB /* ErrorViewController.swift */ = {isa = PBXFileReference; lastKnownFileType = sourcecode.swift; path = ErrorViewController.swift; sourceTree = "<group>"; };
		035424D32912D316002235FB /* UIViewControllerExtension.swift */ = {isa = PBXFileReference; lastKnownFileType = sourcecode.swift; path = UIViewControllerExtension.swift; sourceTree = "<group>"; };
		035424D52912D42C002235FB /* VerifyOTPViewModel.swift */ = {isa = PBXFileReference; lastKnownFileType = sourcecode.swift; path = VerifyOTPViewModel.swift; sourceTree = "<group>"; };
		035A46CE291410BB00A64898 /* DigitInputView.swift */ = {isa = PBXFileReference; lastKnownFileType = sourcecode.swift; path = DigitInputView.swift; sourceTree = "<group>"; };
		035A46D1291413A300A64898 /* AttorneyTransition.swift */ = {isa = PBXFileReference; lastKnownFileType = sourcecode.swift; path = AttorneyTransition.swift; sourceTree = "<group>"; };
		035A46D32914146200A64898 /* Transitions.storyboard */ = {isa = PBXFileReference; lastKnownFileType = file.storyboard; path = Transitions.storyboard; sourceTree = "<group>"; };
		035A46D6291414A200A64898 /* TinyLoadingViewController.swift */ = {isa = PBXFileReference; lastKnownFileType = sourcecode.swift; path = TinyLoadingViewController.swift; sourceTree = "<group>"; };
		035DF52F2901956900A80C8E /* CoachmarkView.swift */ = {isa = PBXFileReference; lastKnownFileType = sourcecode.swift; path = CoachmarkView.swift; sourceTree = "<group>"; };
		035DF532290196CF00A80C8E /* CoachmarkPreferences.swift */ = {isa = PBXFileReference; lastKnownFileType = sourcecode.swift; path = CoachmarkPreferences.swift; sourceTree = "<group>"; };
		035DF5342901970C00A80C8E /* CoachmarkContent.swift */ = {isa = PBXFileReference; lastKnownFileType = sourcecode.swift; path = CoachmarkContent.swift; sourceTree = "<group>"; };
		035DF5362901973C00A80C8E /* CoachmarkType.swift */ = {isa = PBXFileReference; lastKnownFileType = sourcecode.swift; path = CoachmarkType.swift; sourceTree = "<group>"; };
		035DF53829019E8E00A80C8E /* CGReactExtension.swift */ = {isa = PBXFileReference; lastKnownFileType = sourcecode.swift; path = CGReactExtension.swift; sourceTree = "<group>"; };
		037665B1292FEEF9002FA7DE /* DetailPost.storyboard */ = {isa = PBXFileReference; lastKnownFileType = file.storyboard; path = DetailPost.storyboard; sourceTree = "<group>"; };
		038B9DF429162BCD00039F4D /* ResetPasswordViewModel.swift */ = {isa = PBXFileReference; lastKnownFileType = sourcecode.swift; path = ResetPasswordViewModel.swift; sourceTree = "<group>"; };
		038B9DF629162D4400039F4D /* ResetPassword.swift */ = {isa = PBXFileReference; lastKnownFileType = sourcecode.swift; path = ResetPassword.swift; sourceTree = "<group>"; };
		038F24D828FBEA2700F20009 /* UIFontExtension.swift */ = {isa = PBXFileReference; lastKnownFileType = sourcecode.swift; path = UIFontExtension.swift; sourceTree = "<group>"; };
		03933CC429311A10001E4631 /* PostDetailViewController.swift */ = {isa = PBXFileReference; lastKnownFileType = sourcecode.swift; path = PostDetailViewController.swift; sourceTree = "<group>"; };
		03933CC62932474F001E4631 /* PostDetailViewModel.swift */ = {isa = PBXFileReference; lastKnownFileType = sourcecode.swift; path = PostDetailViewModel.swift; sourceTree = "<group>"; };
		039772542912C6460042A435 /* Error.storyboard */ = {isa = PBXFileReference; lastKnownFileType = file.storyboard; path = Error.storyboard; sourceTree = "<group>"; };
		03A63D9D2905371300C1C72D /* RegisterViewController.swift */ = {isa = PBXFileReference; fileEncoding = 4; lastKnownFileType = sourcecode.swift; path = RegisterViewController.swift; sourceTree = "<group>"; };
		03A63D9F2905388000C1C72D /* ValidationRegistrationForm.swift */ = {isa = PBXFileReference; lastKnownFileType = sourcecode.swift; path = ValidationRegistrationForm.swift; sourceTree = "<group>"; };
		03A63DA129053ABA00C1C72D /* DateExtension.swift */ = {isa = PBXFileReference; lastKnownFileType = sourcecode.swift; path = DateExtension.swift; sourceTree = "<group>"; };
		03A63DA329053C9800C1C72D /* RegistrasionViewModel.swift */ = {isa = PBXFileReference; lastKnownFileType = sourcecode.swift; path = RegistrasionViewModel.swift; sourceTree = "<group>"; };
		03A63DA529057B5900C1C72D /* Register.swift */ = {isa = PBXFileReference; lastKnownFileType = sourcecode.swift; path = Register.swift; sourceTree = "<group>"; };
		03B893E529288DB000803DD9 /* Post.swift */ = {isa = PBXFileReference; lastKnownFileType = sourcecode.swift; path = Post.swift; sourceTree = "<group>"; };
		03B893E82928B43800803DD9 /* PostList.swift */ = {isa = PBXFileReference; lastKnownFileType = sourcecode.swift; path = PostList.swift; sourceTree = "<group>"; };
		03B893EA2928BC2A00803DD9 /* UIScrollViewExtension.swift */ = {isa = PBXFileReference; lastKnownFileType = sourcecode.swift; path = UIScrollViewExtension.swift; sourceTree = "<group>"; };
		03B893EC2928C43E00803DD9 /* LoadmoreIndicatorReusableView.swift */ = {isa = PBXFileReference; lastKnownFileType = sourcecode.swift; path = LoadmoreIndicatorReusableView.swift; sourceTree = "<group>"; };
		03B893EF2928C4AB00803DD9 /* LoadmoreIndicatorReusableView.xib */ = {isa = PBXFileReference; lastKnownFileType = file.xib; path = LoadmoreIndicatorReusableView.xib; sourceTree = "<group>"; };
		03B893F12928C54500803DD9 /* NewsfeedSkeletonCollectionViewCell.swift */ = {isa = PBXFileReference; lastKnownFileType = sourcecode.swift; path = NewsfeedSkeletonCollectionViewCell.swift; sourceTree = "<group>"; };
		03B893F22928C54500803DD9 /* NewsfeedSkeletonCollectionViewCell.xib */ = {isa = PBXFileReference; lastKnownFileType = file.xib; path = NewsfeedSkeletonCollectionViewCell.xib; sourceTree = "<group>"; };
		03B893F52928CC3500803DD9 /* ReusableViewExtension.swift */ = {isa = PBXFileReference; lastKnownFileType = sourcecode.swift; path = ReusableViewExtension.swift; sourceTree = "<group>"; };
		03B893F7292907FC00803DD9 /* UIImageViewExtension.swift */ = {isa = PBXFileReference; lastKnownFileType = sourcecode.swift; path = UIImageViewExtension.swift; sourceTree = "<group>"; };
		03B893FB29290EB000803DD9 /* UserDefaultExtension.swift */ = {isa = PBXFileReference; lastKnownFileType = sourcecode.swift; path = UserDefaultExtension.swift; sourceTree = "<group>"; };
		03C40A0E2933D2400097A905 /* Comment.swift */ = {isa = PBXFileReference; lastKnownFileType = sourcecode.swift; path = Comment.swift; sourceTree = "<group>"; };
		03C8A030290F2CF80093E097 /* UITextViewExtension.swift */ = {isa = PBXFileReference; lastKnownFileType = sourcecode.swift; path = UITextViewExtension.swift; sourceTree = "<group>"; };
		03D5839D2914EDF600D0D4E3 /* Success.storyboard */ = {isa = PBXFileReference; lastKnownFileType = file.storyboard; path = Success.storyboard; sourceTree = "<group>"; };
		03D5839F2914EF2500D0D4E3 /* SuccessViewController.swift */ = {isa = PBXFileReference; lastKnownFileType = sourcecode.swift; path = SuccessViewController.swift; sourceTree = "<group>"; };
		03D583A22915050400D0D4E3 /* RequestOTPViewModel.swift */ = {isa = PBXFileReference; lastKnownFileType = sourcecode.swift; path = RequestOTPViewModel.swift; sourceTree = "<group>"; };
		03D7309028FED12100BBA498 /* ResetPasswordViewController.swift */ = {isa = PBXFileReference; lastKnownFileType = sourcecode.swift; path = ResetPasswordViewController.swift; sourceTree = "<group>"; };
		03D7309228FED13C00BBA498 /* ResetPassword.storyboard */ = {isa = PBXFileReference; lastKnownFileType = file.storyboard; path = ResetPassword.storyboard; sourceTree = "<group>"; };
		03D7309528FEDAA300BBA498 /* RequestOTPViewController.swift */ = {isa = PBXFileReference; lastKnownFileType = sourcecode.swift; path = RequestOTPViewController.swift; sourceTree = "<group>"; };
		03D7309C28FEEE4D00BBA498 /* VerifyOTP.storyboard */ = {isa = PBXFileReference; lastKnownFileType = file.storyboard; path = VerifyOTP.storyboard; sourceTree = "<group>"; };
		03D7309F28FEEF4C00BBA498 /* VerifyOTPViewController.swift */ = {isa = PBXFileReference; lastKnownFileType = sourcecode.swift; path = VerifyOTPViewController.swift; sourceTree = "<group>"; };
		03E318CD292BD3C0004C7791 /* NSAttributedStringExtension.swift */ = {isa = PBXFileReference; lastKnownFileType = sourcecode.swift; path = NSAttributedStringExtension.swift; sourceTree = "<group>"; };
		03EE2BB1290D060300A8317A /* Login.swift */ = {isa = PBXFileReference; lastKnownFileType = sourcecode.swift; path = Login.swift; sourceTree = "<group>"; };
		03EE2BB3290D0D3A00A8317A /* PrimitiveSequenceExtension.swift */ = {isa = PBXFileReference; lastKnownFileType = sourcecode.swift; path = PrimitiveSequenceExtension.swift; sourceTree = "<group>"; };
		03EE2BB7290D0DBA00A8317A /* AttorneyError.swift */ = {isa = PBXFileReference; lastKnownFileType = sourcecode.swift; path = AttorneyError.swift; sourceTree = "<group>"; };
		03EE2BB9290D105100A8317A /* ErrorResponse.swift */ = {isa = PBXFileReference; lastKnownFileType = sourcecode.swift; path = ErrorResponse.swift; sourceTree = "<group>"; };
		03EE2BBB290D10EA00A8317A /* Codable.swift */ = {isa = PBXFileReference; lastKnownFileType = sourcecode.swift; path = Codable.swift; sourceTree = "<group>"; };
		03EE2BBD290D1AAC00A8317A /* ObservableType+Codable.swift */ = {isa = PBXFileReference; lastKnownFileType = sourcecode.swift; path = "ObservableType+Codable.swift"; sourceTree = "<group>"; };
		03EE2BBF290D1ACE00A8317A /* Response+Codable.swift */ = {isa = PBXFileReference; lastKnownFileType = sourcecode.swift; path = "Response+Codable.swift"; sourceTree = "<group>"; };
		03EE2BC1290D20BD00A8317A /* Single+Codable.swift */ = {isa = PBXFileReference; lastKnownFileType = sourcecode.swift; path = "Single+Codable.swift"; sourceTree = "<group>"; };
		03EE2BC3290D4F2700A8317A /* LoginViewModel.swift */ = {isa = PBXFileReference; lastKnownFileType = sourcecode.swift; path = LoginViewModel.swift; sourceTree = "<group>"; };
		03EE2BC5290D502D00A8317A /* ErrorMessage.swift */ = {isa = PBXFileReference; lastKnownFileType = sourcecode.swift; path = ErrorMessage.swift; sourceTree = "<group>"; };
		1C28909D11430D56557CD478 /* Pods-Attorney.debug.xcconfig */ = {isa = PBXFileReference; includeInIndex = 1; lastKnownFileType = text.xcconfig; name = "Pods-Attorney.debug.xcconfig"; path = "Target Support Files/Pods-Attorney/Pods-Attorney.debug.xcconfig"; sourceTree = "<group>"; };
		4DD08C80DA4F645AE4041E8A /* Pods-Attorney.release.xcconfig */ = {isa = PBXFileReference; includeInIndex = 1; lastKnownFileType = text.xcconfig; name = "Pods-Attorney.release.xcconfig"; path = "Target Support Files/Pods-Attorney/Pods-Attorney.release.xcconfig"; sourceTree = "<group>"; };
		E0C7BD7D7A2D53E0A8E5ECF4 /* Pods_Attorney.framework */ = {isa = PBXFileReference; explicitFileType = wrapper.framework; includeInIndex = 0; path = Pods_Attorney.framework; sourceTree = BUILT_PRODUCTS_DIR; };
		F31EF4F928F1E18E0043E7AB /* en */ = {isa = PBXFileReference; lastKnownFileType = text.plist.strings; name = en; path = en.lproj/Localizable.strings; sourceTree = "<group>"; };
		F32C522028F2A73A00E6C840 /* UIColorExtension.swift */ = {isa = PBXFileReference; lastKnownFileType = sourcecode.swift; path = UIColorExtension.swift; sourceTree = "<group>"; };
		F32C522228F3262300E6C840 /* Launch Screen.storyboard */ = {isa = PBXFileReference; lastKnownFileType = file.storyboard; path = "Launch Screen.storyboard"; sourceTree = "<group>"; };
		F32C522828F32D7D00E6C840 /* launchScreen.json */ = {isa = PBXFileReference; fileEncoding = 4; lastKnownFileType = text.json; path = launchScreen.json; sourceTree = "<group>"; };
		F32C522C28F33AD700E6C840 /* AttorneySNSAPI.swift */ = {isa = PBXFileReference; lastKnownFileType = sourcecode.swift; path = AttorneySNSAPI.swift; sourceTree = "<group>"; };
		F32C522E28F33BF700E6C840 /* Application.swift */ = {isa = PBXFileReference; lastKnownFileType = sourcecode.swift; path = Application.swift; sourceTree = "<group>"; };
		F32C523028F33D1400E6C840 /* Networking.swift */ = {isa = PBXFileReference; lastKnownFileType = sourcecode.swift; path = Networking.swift; sourceTree = "<group>"; };
		F32C523228F33EDC00E6C840 /* Reachablity.swift */ = {isa = PBXFileReference; lastKnownFileType = sourcecode.swift; path = Reachablity.swift; sourceTree = "<group>"; };
		F32C523428F409C700E6C840 /* RestAPI.swift */ = {isa = PBXFileReference; lastKnownFileType = sourcecode.swift; path = RestAPI.swift; sourceTree = "<group>"; };
		F32C523628F40A8500E6C840 /* AttorneyAPIProtocol.swift */ = {isa = PBXFileReference; lastKnownFileType = sourcecode.swift; path = AttorneyAPIProtocol.swift; sourceTree = "<group>"; };
		F32C523828F4649F00E6C840 /* UserService.swift */ = {isa = PBXFileReference; lastKnownFileType = sourcecode.swift; path = UserService.swift; sourceTree = "<group>"; };
		F32C523A28F4650E00E6C840 /* UserInfo.swift */ = {isa = PBXFileReference; lastKnownFileType = sourcecode.swift; path = UserInfo.swift; sourceTree = "<group>"; };
		F32C523C28F4777F00E6C840 /* UIButtonExtension.swift */ = {isa = PBXFileReference; lastKnownFileType = sourcecode.swift; path = UIButtonExtension.swift; sourceTree = "<group>"; };
		F32C523E28F477F300E6C840 /* UIViewExtension.swift */ = {isa = PBXFileReference; lastKnownFileType = sourcecode.swift; path = UIViewExtension.swift; sourceTree = "<group>"; };
		F32C524428F5E4FD00E6C840 /* ProximaNova-SboldIt.otf */ = {isa = PBXFileReference; lastKnownFileType = file; path = "ProximaNova-SboldIt.otf"; sourceTree = "<group>"; };
		F32C524528F5E4FD00E6C840 /* ProximaNova-BoldIt.otf */ = {isa = PBXFileReference; lastKnownFileType = file; path = "ProximaNova-BoldIt.otf"; sourceTree = "<group>"; };
		F32C524628F5E4FD00E6C840 /* ProximaNova-Black.otf */ = {isa = PBXFileReference; lastKnownFileType = file; path = "ProximaNova-Black.otf"; sourceTree = "<group>"; };
		F32C524728F5E4FE00E6C840 /* ProximaNova-Bold.otf */ = {isa = PBXFileReference; lastKnownFileType = file; path = "ProximaNova-Bold.otf"; sourceTree = "<group>"; };
		F32C524828F5E4FE00E6C840 /* ProximaNova-Sbold.otf */ = {isa = PBXFileReference; lastKnownFileType = file; path = "ProximaNova-Sbold.otf"; sourceTree = "<group>"; };
		F32C524928F5E4FE00E6C840 /* ProximaNova-Light.otf */ = {isa = PBXFileReference; lastKnownFileType = file; path = "ProximaNova-Light.otf"; sourceTree = "<group>"; };
		F32C524A28F5E4FF00E6C840 /* ProximaNova-RegIt.otf */ = {isa = PBXFileReference; lastKnownFileType = file; path = "ProximaNova-RegIt.otf"; sourceTree = "<group>"; };
		F32C524B28F5E4FF00E6C840 /* ProximaNova-Thin.otf */ = {isa = PBXFileReference; lastKnownFileType = file; path = "ProximaNova-Thin.otf"; sourceTree = "<group>"; };
		F32C524C28F5E50000E6C840 /* ProximaNova-ThinIt.otf */ = {isa = PBXFileReference; lastKnownFileType = file; path = "ProximaNova-ThinIt.otf"; sourceTree = "<group>"; };
		F32C524D28F5E50000E6C840 /* ProximaNova-Xbold.otf */ = {isa = PBXFileReference; lastKnownFileType = file; path = "ProximaNova-Xbold.otf"; sourceTree = "<group>"; };
		F32C524E28F5E50000E6C840 /* ProximaNova-Reg.otf */ = {isa = PBXFileReference; lastKnownFileType = file; path = "ProximaNova-Reg.otf"; sourceTree = "<group>"; };
		F32C524F28F5E50000E6C840 /* ProximaNova-LightIt.otf */ = {isa = PBXFileReference; lastKnownFileType = file; path = "ProximaNova-LightIt.otf"; sourceTree = "<group>"; };
		F32C525028F5E50100E6C840 /* ProximaNova-XboldIt.otf */ = {isa = PBXFileReference; lastKnownFileType = file; path = "ProximaNova-XboldIt.otf"; sourceTree = "<group>"; };
		F32C525128F5E50100E6C840 /* ProximaNova-BlackIt.otf */ = {isa = PBXFileReference; lastKnownFileType = file; path = "ProximaNova-BlackIt.otf"; sourceTree = "<group>"; };
		F32C526228F7259200E6C840 /* UITextFieldExtension.swift */ = {isa = PBXFileReference; lastKnownFileType = sourcecode.swift; path = UITextFieldExtension.swift; sourceTree = "<group>"; };
		F32C526428F725FE00E6C840 /* StringExtension.swift */ = {isa = PBXFileReference; lastKnownFileType = sourcecode.swift; path = StringExtension.swift; sourceTree = "<group>"; };
		F37CAFF428E819D10061B273 /* Attorney.app */ = {isa = PBXFileReference; explicitFileType = wrapper.application; includeInIndex = 0; path = Attorney.app; sourceTree = BUILT_PRODUCTS_DIR; };
		F37CAFF728E819D10061B273 /* AppDelegate.swift */ = {isa = PBXFileReference; lastKnownFileType = sourcecode.swift; path = AppDelegate.swift; sourceTree = "<group>"; };
		F37CB00028E819D30061B273 /* Assets.xcassets */ = {isa = PBXFileReference; lastKnownFileType = folder.assetcatalog; path = Assets.xcassets; sourceTree = "<group>"; };
		F37CB00528E819D30061B273 /* Info.plist */ = {isa = PBXFileReference; lastKnownFileType = text.plist.xml; path = Info.plist; sourceTree = "<group>"; };
		F37CB01628E81BE40061B273 /* DebugLog.swift */ = {isa = PBXFileReference; lastKnownFileType = sourcecode.swift; path = DebugLog.swift; sourceTree = "<group>"; };
		F37CB01828E81D570061B273 /* ApplicationCoordinator.swift */ = {isa = PBXFileReference; lastKnownFileType = sourcecode.swift; path = ApplicationCoordinator.swift; sourceTree = "<group>"; };
		F37CB01D28E8233D0061B273 /* ViewController.swift */ = {isa = PBXFileReference; lastKnownFileType = sourcecode.swift; path = ViewController.swift; sourceTree = "<group>"; };
		F37CB01F28E8260F0061B273 /* ViewModel.swift */ = {isa = PBXFileReference; lastKnownFileType = sourcecode.swift; path = ViewModel.swift; sourceTree = "<group>"; };
		F37CB02428E83CE90061B273 /* Login.storyboard */ = {isa = PBXFileReference; lastKnownFileType = file.storyboard; path = Login.storyboard; sourceTree = "<group>"; };
		F37CB02628E83D200061B273 /* DashboardTabbar.storyboard */ = {isa = PBXFileReference; lastKnownFileType = file.storyboard; path = DashboardTabbar.storyboard; sourceTree = "<group>"; };
		F37CB02828E83D5C0061B273 /* Home.storyboard */ = {isa = PBXFileReference; lastKnownFileType = file.storyboard; path = Home.storyboard; sourceTree = "<group>"; };
		F37CB02A28E83D890061B273 /* Notifications.storyboard */ = {isa = PBXFileReference; lastKnownFileType = file.storyboard; path = Notifications.storyboard; sourceTree = "<group>"; };
		F37CB02C28E83D940061B273 /* Menu.storyboard */ = {isa = PBXFileReference; lastKnownFileType = file.storyboard; path = Menu.storyboard; sourceTree = "<group>"; };
		F37CB02E28E83DB60061B273 /* Messages.storyboard */ = {isa = PBXFileReference; lastKnownFileType = file.storyboard; path = Messages.storyboard; sourceTree = "<group>"; };
		F37CB03028E83DC90061B273 /* Register.storyboard */ = {isa = PBXFileReference; lastKnownFileType = file.storyboard; path = Register.storyboard; sourceTree = "<group>"; };
		F37CB03928E840930061B273 /* LoginViewController.swift */ = {isa = PBXFileReference; lastKnownFileType = sourcecode.swift; path = LoginViewController.swift; sourceTree = "<group>"; };
		F37CB03D28E840E10061B273 /* DashboardTabBarController.swift */ = {isa = PBXFileReference; lastKnownFileType = sourcecode.swift; path = DashboardTabBarController.swift; sourceTree = "<group>"; };
		F37CB03F28E840F50061B273 /* MenuViewController.swift */ = {isa = PBXFileReference; lastKnownFileType = sourcecode.swift; path = MenuViewController.swift; sourceTree = "<group>"; };
		F37CB04128E841010061B273 /* HomeViewController.swift */ = {isa = PBXFileReference; lastKnownFileType = sourcecode.swift; path = HomeViewController.swift; sourceTree = "<group>"; };
		F37CB04328E841140061B273 /* NotificationsViewController.swift */ = {isa = PBXFileReference; lastKnownFileType = sourcecode.swift; path = NotificationsViewController.swift; sourceTree = "<group>"; };
		F37CB04528E841220061B273 /* MessagesViewController.swift */ = {isa = PBXFileReference; lastKnownFileType = sourcecode.swift; path = MessagesViewController.swift; sourceTree = "<group>"; };
		F37CB04728E843510061B273 /* ColorConstants.swift */ = {isa = PBXFileReference; lastKnownFileType = sourcecode.swift; path = ColorConstants.swift; sourceTree = "<group>"; };
		F37CB04A28E846C20061B273 /* ActivityIndicator.swift */ = {isa = PBXFileReference; lastKnownFileType = sourcecode.swift; path = ActivityIndicator.swift; sourceTree = "<group>"; };
		F37CB04C28E846D30061B273 /* ErrorTracker.swift */ = {isa = PBXFileReference; lastKnownFileType = sourcecode.swift; path = ErrorTracker.swift; sourceTree = "<group>"; };
		F37CB04E28E848AE0061B273 /* Observable+Operators.swift */ = {isa = PBXFileReference; lastKnownFileType = sourcecode.swift; path = "Observable+Operators.swift"; sourceTree = "<group>"; };
		F37CB05128E849520061B273 /* Configurations.swift */ = {isa = PBXFileReference; lastKnownFileType = sourcecode.swift; path = Configurations.swift; sourceTree = "<group>"; };
		F3886F1728EFD06600A14F47 /* SplashViewController.swift */ = {isa = PBXFileReference; lastKnownFileType = sourcecode.swift; path = SplashViewController.swift; sourceTree = "<group>"; };
		F3886F1928EFD1B400A14F47 /* SplashScreen.storyboard */ = {isa = PBXFileReference; lastKnownFileType = file.storyboard; path = SplashScreen.storyboard; sourceTree = "<group>"; };
		F3886F1C28EFEA4100A14F47 /* HomeCoordinator.swift */ = {isa = PBXFileReference; lastKnownFileType = sourcecode.swift; path = HomeCoordinator.swift; sourceTree = "<group>"; };
		F3886F1E28EFEA5B00A14F47 /* MessageCoordinator.swift */ = {isa = PBXFileReference; lastKnownFileType = sourcecode.swift; path = MessageCoordinator.swift; sourceTree = "<group>"; };
		F3886F2028EFEA6E00A14F47 /* NotificationCoordinator.swift */ = {isa = PBXFileReference; lastKnownFileType = sourcecode.swift; path = NotificationCoordinator.swift; sourceTree = "<group>"; };
		F3886F2228EFEA8A00A14F47 /* MenuCoordinator.swift */ = {isa = PBXFileReference; lastKnownFileType = sourcecode.swift; path = MenuCoordinator.swift; sourceTree = "<group>"; };
/* End PBXFileReference section */

/* Begin PBXFrameworksBuildPhase section */
		F37CAFF128E819D10061B273 /* Frameworks */ = {
			isa = PBXFrameworksBuildPhase;
			buildActionMask = 2147483647;
			files = (
				0EBB24BFF25640264271378A /* Pods_Attorney.framework in Frameworks */,
			);
			runOnlyForDeploymentPostprocessing = 0;
		};
/* End PBXFrameworksBuildPhase section */

/* Begin PBXGroup section */
		0302BB9E29262BB9000238A1 /* HeaderHomeView */ = {
			isa = PBXGroup;
			children = (
				0302BB9F29262BD5000238A1 /* HeaderHomeReusableView.xib */,
				0302BBA12926399A000238A1 /* HeaderHomeReusableView.swift */,
			);
			path = HeaderHomeView;
			sourceTree = "<group>";
		};
		0302BBA929263C21000238A1 /* Cell */ = {
			isa = PBXGroup;
			children = (
				0302BBAA29266077000238A1 /* NewsFeedCollectionViewCell.swift */,
				0302BBAC2926609C000238A1 /* NewsFeedCollectionViewCell.xib */,
				03B893F12928C54500803DD9 /* NewsfeedSkeletonCollectionViewCell.swift */,
				03B893F22928C54500803DD9 /* NewsfeedSkeletonCollectionViewCell.xib */,
			);
			path = Cell;
			sourceTree = "<group>";
		};
		035A46D02914139100A64898 /* Transitions */ = {
			isa = PBXGroup;
			children = (
				035A46D1291413A300A64898 /* AttorneyTransition.swift */,
			);
			path = Transitions;
			sourceTree = "<group>";
		};
		035A46D52914148B00A64898 /* Transitions */ = {
			isa = PBXGroup;
			children = (
				035A46D6291414A200A64898 /* TinyLoadingViewController.swift */,
			);
			path = Transitions;
			sourceTree = "<group>";
		};
		035DF5312901969200A80C8E /* CoachmarkView */ = {
			isa = PBXGroup;
			children = (
				035DF52F2901956900A80C8E /* CoachmarkView.swift */,
				035DF532290196CF00A80C8E /* CoachmarkPreferences.swift */,
				035DF5342901970C00A80C8E /* CoachmarkContent.swift */,
				035DF5362901973C00A80C8E /* CoachmarkType.swift */,
			);
			path = CoachmarkView;
			sourceTree = "<group>";
		};
		03933CC3293119E5001E4631 /* DetailPost */ = {
			isa = PBXGroup;
			children = (
				03933CC429311A10001E4631 /* PostDetailViewController.swift */,
				03933CC62932474F001E4631 /* PostDetailViewModel.swift */,
			);
			path = DetailPost;
			sourceTree = "<group>";
		};
		039772532912C6340042A435 /* Error */ = {
			isa = PBXGroup;
			children = (
				035424D12912CEB7002235FB /* ErrorViewController.swift */,
			);
			path = Error;
			sourceTree = "<group>";
		};
		03B893E72928B42D00803DD9 /* Post */ = {
			isa = PBXGroup;
			children = (
				03B893E529288DB000803DD9 /* Post.swift */,
				03B893E82928B43800803DD9 /* PostList.swift */,
			);
			path = Post;
			sourceTree = "<group>";
		};
		03B893EE2928C44900803DD9 /* View */ = {
			isa = PBXGroup;
			children = (
				03B893EC2928C43E00803DD9 /* LoadmoreIndicatorReusableView.swift */,
				03B893EF2928C4AB00803DD9 /* LoadmoreIndicatorReusableView.xib */,
			);
			path = View;
			sourceTree = "<group>";
		};
		03D583A12914EF2900D0D4E3 /* Success */ = {
			isa = PBXGroup;
			children = (
				03D5839F2914EF2500D0D4E3 /* SuccessViewController.swift */,
			);
			path = Success;
			sourceTree = "<group>";
		};
		03D7308F28FED0EB00BBA498 /* ResetPassword */ = {
			isa = PBXGroup;
			children = (
				03D7309028FED12100BBA498 /* ResetPasswordViewController.swift */,
				038B9DF429162BCD00039F4D /* ResetPasswordViewModel.swift */,
			);
			path = ResetPassword;
			sourceTree = "<group>";
		};
		03D7309428FEDA8300BBA498 /* RequestOTP */ = {
			isa = PBXGroup;
			children = (
				03D7309528FEDAA300BBA498 /* RequestOTPViewController.swift */,
				03D583A22915050400D0D4E3 /* RequestOTPViewModel.swift */,
			);
			path = RequestOTP;
			sourceTree = "<group>";
		};
		03D7309E28FEEF3400BBA498 /* VerifyOTP */ = {
			isa = PBXGroup;
			children = (
				03D7309F28FEEF4C00BBA498 /* VerifyOTPViewController.swift */,
				035424D52912D42C002235FB /* VerifyOTPViewModel.swift */,
			);
			path = VerifyOTP;
			sourceTree = "<group>";
		};
		4A9757E99D5E2D419360BE07 /* Pods */ = {
			isa = PBXGroup;
			children = (
				1C28909D11430D56557CD478 /* Pods-Attorney.debug.xcconfig */,
				4DD08C80DA4F645AE4041E8A /* Pods-Attorney.release.xcconfig */,
			);
			path = Pods;
			sourceTree = "<group>";
		};
		F32C522B28F33AA300E6C840 /* Networking */ = {
			isa = PBXGroup;
			children = (
				F32C522C28F33AD700E6C840 /* AttorneySNSAPI.swift */,
				F32C523028F33D1400E6C840 /* Networking.swift */,
				F32C523428F409C700E6C840 /* RestAPI.swift */,
				F32C523628F40A8500E6C840 /* AttorneyAPIProtocol.swift */,
				03EE2BB7290D0DBA00A8317A /* AttorneyError.swift */,
				03EE2BB9290D105100A8317A /* ErrorResponse.swift */,
			);
			path = Networking;
			sourceTree = "<group>";
		};
		F32C524028F5DD4700E6C840 /* Fonts */ = {
			isa = PBXGroup;
			children = (
				F32C524328F5E4D500E6C840 /* Proxima Nova */,
			);
			path = Fonts;
			sourceTree = "<group>";
		};
		F32C524328F5E4D500E6C840 /* Proxima Nova */ = {
			isa = PBXGroup;
			children = (
				F32C524628F5E4FD00E6C840 /* ProximaNova-Black.otf */,
				F32C525128F5E50100E6C840 /* ProximaNova-BlackIt.otf */,
				F32C524728F5E4FE00E6C840 /* ProximaNova-Bold.otf */,
				F32C524528F5E4FD00E6C840 /* ProximaNova-BoldIt.otf */,
				F32C524928F5E4FE00E6C840 /* ProximaNova-Light.otf */,
				F32C524F28F5E50000E6C840 /* ProximaNova-LightIt.otf */,
				F32C524E28F5E50000E6C840 /* ProximaNova-Reg.otf */,
				F32C524A28F5E4FF00E6C840 /* ProximaNova-RegIt.otf */,
				F32C524828F5E4FE00E6C840 /* ProximaNova-Sbold.otf */,
				F32C524428F5E4FD00E6C840 /* ProximaNova-SboldIt.otf */,
				F32C524B28F5E4FF00E6C840 /* ProximaNova-Thin.otf */,
				F32C524C28F5E50000E6C840 /* ProximaNova-ThinIt.otf */,
				F32C524D28F5E50000E6C840 /* ProximaNova-Xbold.otf */,
				F32C525028F5E50100E6C840 /* ProximaNova-XboldIt.otf */,
			);
			path = "Proxima Nova";
			sourceTree = "<group>";
		};
		F32C526028F719B500E6C840 /* View */ = {
			isa = PBXGroup;
			children = (
				0302BB9E29262BB9000238A1 /* HeaderHomeView */,
				0309D986290048B50000F9D6 /* InputTextField.swift */,
				035DF5312901969200A80C8E /* CoachmarkView */,
				035A46CE291410BB00A64898 /* DigitInputView.swift */,
				0302BBA3292639F0000238A1 /* BaseCustomView.swift */,
			);
			path = View;
			sourceTree = "<group>";
		};
		F32C526628F737A100E6C840 /* Logic */ = {
			isa = PBXGroup;
			children = (
				0345C94028FAA5FC0029F4F9 /* AttorneyFormatter.swift */,
			);
			path = Logic;
			sourceTree = "<group>";
		};
		F35992460E2986ADF177DDA5 /* Frameworks */ = {
			isa = PBXGroup;
			children = (
				E0C7BD7D7A2D53E0A8E5ECF4 /* Pods_Attorney.framework */,
			);
			name = Frameworks;
			sourceTree = "<group>";
		};
		F37CAFEB28E819D00061B273 = {
			isa = PBXGroup;
			children = (
				F37CAFF628E819D10061B273 /* Attorney */,
				F37CAFF528E819D10061B273 /* Products */,
				4A9757E99D5E2D419360BE07 /* Pods */,
				F35992460E2986ADF177DDA5 /* Frameworks */,
			);
			sourceTree = "<group>";
		};
		F37CAFF528E819D10061B273 /* Products */ = {
			isa = PBXGroup;
			children = (
				F37CAFF428E819D10061B273 /* Attorney.app */,
			);
			name = Products;
			sourceTree = "<group>";
		};
		F37CAFF628E819D10061B273 /* Attorney */ = {
			isa = PBXGroup;
			children = (
				F37CB00B28E819FA0061B273 /* Application */,
				F37CB00C28E81A3D0061B273 /* Common */,
				F37CB05028E849380061B273 /* Configurations */,
				F37CB00D28E81A5C0061B273 /* Model */,
				F32C522B28F33AA300E6C840 /* Networking */,
				F37CB00E28E81AD20061B273 /* Resources */,
				F37CB00F28E81AE40061B273 /* Screens */,
				F37CB01028E81AF90061B273 /* Services */,
				F37CB01128E81B080061B273 /* Storyboard */,
				F37CB04928E8468B0061B273 /* Third Party */,
				F37CB01228E81B210061B273 /* Utils */,
			);
			path = Attorney;
			sourceTree = "<group>";
		};
		F37CB00B28E819FA0061B273 /* Application */ = {
			isa = PBXGroup;
			children = (
				F37CAFF728E819D10061B273 /* AppDelegate.swift */,
				F37CB01828E81D570061B273 /* ApplicationCoordinator.swift */,
				F32C522E28F33BF700E6C840 /* Application.swift */,
			);
			path = Application;
			sourceTree = "<group>";
		};
		F37CB00C28E81A3D0061B273 /* Common */ = {
			isa = PBXGroup;
			children = (
				035A46D02914139100A64898 /* Transitions */,
				F32C526028F719B500E6C840 /* View */,
				F37CB01D28E8233D0061B273 /* ViewController.swift */,
				F37CB01F28E8260F0061B273 /* ViewModel.swift */,
				0345C93E28FAA1290029F4F9 /* Keys.swift */,
				03EE2BC5290D502D00A8317A /* ErrorMessage.swift */,
			);
			path = Common;
			sourceTree = "<group>";
		};
		F37CB00D28E81A5C0061B273 /* Model */ = {
			isa = PBXGroup;
			children = (
				F32C523A28F4650E00E6C840 /* UserInfo.swift */,
				03A63DA529057B5900C1C72D /* Register.swift */,
				03EE2BB1290D060300A8317A /* Login.swift */,
				038B9DF629162D4400039F4D /* ResetPassword.swift */,
				03B893E72928B42D00803DD9 /* Post */,
				03C40A0E2933D2400097A905 /* Comment.swift */,
			);
			path = Model;
			sourceTree = "<group>";
		};
		F37CB00E28E81AD20061B273 /* Resources */ = {
			isa = PBXGroup;
			children = (
				F32C524028F5DD4700E6C840 /* Fonts */,
				F32C522828F32D7D00E6C840 /* launchScreen.json */,
				0345C93C28FA71610029F4F9 /* R.generated.swift */,
				F37CB05728E855A60061B273 /* Localizable */,
				F37CB00528E819D30061B273 /* Info.plist */,
				F37CB00028E819D30061B273 /* Assets.xcassets */,
			);
			path = Resources;
			sourceTree = "<group>";
		};
		F37CB00F28E81AE40061B273 /* Screens */ = {
			isa = PBXGroup;
			children = (
				03933CC3293119E5001E4631 /* DetailPost */,
				035A46D52914148B00A64898 /* Transitions */,
				039772532912C6340042A435 /* Error */,
				03D7309E28FEEF3400BBA498 /* VerifyOTP */,
				03D7309428FEDA8300BBA498 /* RequestOTP */,
				03D7308F28FED0EB00BBA498 /* ResetPassword */,
				F3886F1B28EFE9FD00A14F47 /* Coordinatior */,
				F3886F1628EFD04B00A14F47 /* SplashScreen */,
				F37CB03828E83E530061B273 /* Messages */,
				F37CB03728E83E4B0061B273 /* Notifications */,
				F37CB03628E83E3E0061B273 /* Home */,
				F37CB03528E83E290061B273 /* Menu */,
				F37CB03428E83E1C0061B273 /* DashboardTabbar */,
				F37CB03328E83E150061B273 /* Register */,
				F37CB03228E83E0F0061B273 /* Login */,
				03D583A12914EF2900D0D4E3 /* Success */,
			);
			path = Screens;
			sourceTree = "<group>";
		};
		F37CB01028E81AF90061B273 /* Services */ = {
			isa = PBXGroup;
			children = (
				F32C523228F33EDC00E6C840 /* Reachablity.swift */,
				F32C523828F4649F00E6C840 /* UserService.swift */,
			);
			path = Services;
			sourceTree = "<group>";
		};
		F37CB01128E81B080061B273 /* Storyboard */ = {
			isa = PBXGroup;
			children = (
				F37CB02428E83CE90061B273 /* Login.storyboard */,
				F37CB03028E83DC90061B273 /* Register.storyboard */,
				F37CB02628E83D200061B273 /* DashboardTabbar.storyboard */,
				F37CB02828E83D5C0061B273 /* Home.storyboard */,
				F37CB02A28E83D890061B273 /* Notifications.storyboard */,
				F37CB02C28E83D940061B273 /* Menu.storyboard */,
				F37CB02E28E83DB60061B273 /* Messages.storyboard */,
				F3886F1928EFD1B400A14F47 /* SplashScreen.storyboard */,
				F32C522228F3262300E6C840 /* Launch Screen.storyboard */,
				03D7309228FED13C00BBA498 /* ResetPassword.storyboard */,
				03D7309C28FEEE4D00BBA498 /* VerifyOTP.storyboard */,
				039772542912C6460042A435 /* Error.storyboard */,
				035A46D32914146200A64898 /* Transitions.storyboard */,
				03D5839D2914EDF600D0D4E3 /* Success.storyboard */,
				037665B1292FEEF9002FA7DE /* DetailPost.storyboard */,
			);
			path = Storyboard;
			sourceTree = "<group>";
		};
		F37CB01228E81B210061B273 /* Utils */ = {
			isa = PBXGroup;
			children = (
				F32C526628F737A100E6C840 /* Logic */,
				F37CB01528E81B810061B273 /* Logger */,
				F37CB01428E81B5C0061B273 /* Extensions */,
				F37CB01328E81B440061B273 /* Constant */,
			);
			path = Utils;
			sourceTree = "<group>";
		};
		F37CB01328E81B440061B273 /* Constant */ = {
			isa = PBXGroup;
			children = (
				F37CB04728E843510061B273 /* ColorConstants.swift */,
			);
			path = Constant;
			sourceTree = "<group>";
		};
		F37CB01428E81B5C0061B273 /* Extensions */ = {
			isa = PBXGroup;
			children = (
				F37CB04E28E848AE0061B273 /* Observable+Operators.swift */,
				F32C522028F2A73A00E6C840 /* UIColorExtension.swift */,
				F32C523C28F4777F00E6C840 /* UIButtonExtension.swift */,
				F32C523E28F477F300E6C840 /* UIViewExtension.swift */,
				F32C526228F7259200E6C840 /* UITextFieldExtension.swift */,
				F32C526428F725FE00E6C840 /* StringExtension.swift */,
				038F24D828FBEA2700F20009 /* UIFontExtension.swift */,
				035DF53829019E8E00A80C8E /* CGReactExtension.swift */,
				03A63DA129053ABA00C1C72D /* DateExtension.swift */,
				03EE2BB3290D0D3A00A8317A /* PrimitiveSequenceExtension.swift */,
				03EE2BBB290D10EA00A8317A /* Codable.swift */,
				03EE2BBD290D1AAC00A8317A /* ObservableType+Codable.swift */,
				03EE2BBF290D1ACE00A8317A /* Response+Codable.swift */,
				03EE2BC1290D20BD00A8317A /* Single+Codable.swift */,
				03C8A030290F2CF80093E097 /* UITextViewExtension.swift */,
				035424D32912D316002235FB /* UIViewControllerExtension.swift */,
				0302BBA529263A58000238A1 /* NameDescribable.swift */,
				03B893EA2928BC2A00803DD9 /* UIScrollViewExtension.swift */,
				03B893F52928CC3500803DD9 /* ReusableViewExtension.swift */,
				03B893F7292907FC00803DD9 /* UIImageViewExtension.swift */,
				03B893FB29290EB000803DD9 /* UserDefaultExtension.swift */,
				03E318CD292BD3C0004C7791 /* NSAttributedStringExtension.swift */,
			);
			path = Extensions;
			sourceTree = "<group>";
		};
		F37CB01528E81B810061B273 /* Logger */ = {
			isa = PBXGroup;
			children = (
				F37CB01628E81BE40061B273 /* DebugLog.swift */,
			);
			path = Logger;
			sourceTree = "<group>";
		};
		F37CB03228E83E0F0061B273 /* Login */ = {
			isa = PBXGroup;
			children = (
				F37CB03928E840930061B273 /* LoginViewController.swift */,
				03EE2BC3290D4F2700A8317A /* LoginViewModel.swift */,
			);
			path = Login;
			sourceTree = "<group>";
		};
		F37CB03328E83E150061B273 /* Register */ = {
			isa = PBXGroup;
			children = (
				03A63D9D2905371300C1C72D /* RegisterViewController.swift */,
				03A63D9F2905388000C1C72D /* ValidationRegistrationForm.swift */,
				03A63DA329053C9800C1C72D /* RegistrasionViewModel.swift */,
			);
			path = Register;
			sourceTree = "<group>";
		};
		F37CB03428E83E1C0061B273 /* DashboardTabbar */ = {
			isa = PBXGroup;
			children = (
				F37CB03D28E840E10061B273 /* DashboardTabBarController.swift */,
			);
			path = DashboardTabbar;
			sourceTree = "<group>";
		};
		F37CB03528E83E290061B273 /* Menu */ = {
			isa = PBXGroup;
			children = (
				F37CB03F28E840F50061B273 /* MenuViewController.swift */,
			);
			path = Menu;
			sourceTree = "<group>";
		};
		F37CB03628E83E3E0061B273 /* Home */ = {
			isa = PBXGroup;
			children = (
				F37CB04128E841010061B273 /* HomeViewController.swift */,
				0302BBA729263C0E000238A1 /* HomeViewModel.swift */,
				0302BBA929263C21000238A1 /* Cell */,
				03B893EE2928C44900803DD9 /* View */,
			);
			path = Home;
			sourceTree = "<group>";
		};
		F37CB03728E83E4B0061B273 /* Notifications */ = {
			isa = PBXGroup;
			children = (
				F37CB04328E841140061B273 /* NotificationsViewController.swift */,
			);
			path = Notifications;
			sourceTree = "<group>";
		};
		F37CB03828E83E530061B273 /* Messages */ = {
			isa = PBXGroup;
			children = (
				F37CB04528E841220061B273 /* MessagesViewController.swift */,
			);
			path = Messages;
			sourceTree = "<group>";
		};
		F37CB04928E8468B0061B273 /* Third Party */ = {
			isa = PBXGroup;
			children = (
				F37CB04A28E846C20061B273 /* ActivityIndicator.swift */,
				F37CB04C28E846D30061B273 /* ErrorTracker.swift */,
			);
			path = "Third Party";
			sourceTree = "<group>";
		};
		F37CB05028E849380061B273 /* Configurations */ = {
			isa = PBXGroup;
			children = (
				F37CB05128E849520061B273 /* Configurations.swift */,
			);
			path = Configurations;
			sourceTree = "<group>";
		};
		F37CB05728E855A60061B273 /* Localizable */ = {
			isa = PBXGroup;
			children = (
				F31EF4FA28F1E18E0043E7AB /* Localizable.strings */,
			);
			path = Localizable;
			sourceTree = "<group>";
		};
		F3886F1628EFD04B00A14F47 /* SplashScreen */ = {
			isa = PBXGroup;
			children = (
				F3886F1728EFD06600A14F47 /* SplashViewController.swift */,
			);
			path = SplashScreen;
			sourceTree = "<group>";
		};
		F3886F1B28EFE9FD00A14F47 /* Coordinatior */ = {
			isa = PBXGroup;
			children = (
				F3886F1C28EFEA4100A14F47 /* HomeCoordinator.swift */,
				F3886F1E28EFEA5B00A14F47 /* MessageCoordinator.swift */,
				F3886F2028EFEA6E00A14F47 /* NotificationCoordinator.swift */,
				F3886F2228EFEA8A00A14F47 /* MenuCoordinator.swift */,
			);
			path = Coordinatior;
			sourceTree = "<group>";
		};
/* End PBXGroup section */

/* Begin PBXNativeTarget section */
		F37CAFF328E819D10061B273 /* Attorney */ = {
			isa = PBXNativeTarget;
			buildConfigurationList = F37CB00828E819D30061B273 /* Build configuration list for PBXNativeTarget "Attorney" */;
			buildPhases = (
				123AE7A5742C9BD9B1DA7C5C /* [CP] Check Pods Manifest.lock */,
				F37CB02128E82A690061B273 /* SortByName */,
				F37CB02228E82AB60061B273 /* R.swift */,
				F37CB02328E82B2C0061B273 /* Sort and Remove duplicates Localizable.strings */,
				F37CAFF028E819D10061B273 /* Sources */,
				F37CAFF128E819D10061B273 /* Frameworks */,
				F37CAFF228E819D10061B273 /* Resources */,
				53E3A76B32DA59274EEAA8EE /* [CP] Embed Pods Frameworks */,
			);
			buildRules = (
			);
			dependencies = (
			);
			name = Attorney;
			productName = Attorney;
			productReference = F37CAFF428E819D10061B273 /* Attorney.app */;
			productType = "com.apple.product-type.application";
		};
/* End PBXNativeTarget section */

/* Begin PBXProject section */
		F37CAFEC28E819D00061B273 /* Project object */ = {
			isa = PBXProject;
			attributes = {
				BuildIndependentTargetsInParallel = 1;
				LastSwiftUpdateCheck = 1340;
				LastUpgradeCheck = 1340;
				TargetAttributes = {
					F37CAFF328E819D10061B273 = {
						CreatedOnToolsVersion = 13.4.1;
					};
				};
			};
			buildConfigurationList = F37CAFEF28E819D00061B273 /* Build configuration list for PBXProject "Attorney" */;
			compatibilityVersion = "Xcode 13.0";
			developmentRegion = en;
			hasScannedForEncodings = 0;
			knownRegions = (
				en,
				Base,
			);
			mainGroup = F37CAFEB28E819D00061B273;
			productRefGroup = F37CAFF528E819D10061B273 /* Products */;
			projectDirPath = "";
			projectRoot = "";
			targets = (
				F37CAFF328E819D10061B273 /* Attorney */,
			);
		};
/* End PBXProject section */

/* Begin PBXResourcesBuildPhase section */
		F37CAFF228E819D10061B273 /* Resources */ = {
			isa = PBXResourcesBuildPhase;
			buildActionMask = 2147483647;
			files = (
				F32C525228F5E50200E6C840 /* ProximaNova-SboldIt.otf in Resources */,
				03D5839E2914EDF600D0D4E3 /* Success.storyboard in Resources */,
				035A46D42914146200A64898 /* Transitions.storyboard in Resources */,
				F37CB02528E83CE90061B273 /* Login.storyboard in Resources */,
				F3886F1A28EFD1B400A14F47 /* SplashScreen.storyboard in Resources */,
				F32C525928F5E50200E6C840 /* ProximaNova-Thin.otf in Resources */,
				F32C525D28F5E50200E6C840 /* ProximaNova-LightIt.otf in Resources */,
				F32C525F28F5E50200E6C840 /* ProximaNova-BlackIt.otf in Resources */,
				F31EF4F828F1E18E0043E7AB /* Localizable.strings in Resources */,
				F32C525328F5E50200E6C840 /* ProximaNova-BoldIt.otf in Resources */,
				03D7309328FED13C00BBA498 /* ResetPassword.storyboard in Resources */,
				F32C525728F5E50200E6C840 /* ProximaNova-Light.otf in Resources */,
				F37CB02B28E83D890061B273 /* Notifications.storyboard in Resources */,
				F32C522928F32D7E00E6C840 /* launchScreen.json in Resources */,
				039772552912C6460042A435 /* Error.storyboard in Resources */,
				F32C525828F5E50200E6C840 /* ProximaNova-RegIt.otf in Resources */,
				0302BBA029262BD5000238A1 /* HeaderHomeReusableView.xib in Resources */,
				F37CB02728E83D200061B273 /* DashboardTabbar.storyboard in Resources */,
				F32C525628F5E50200E6C840 /* ProximaNova-Sbold.otf in Resources */,
				F32C525E28F5E50200E6C840 /* ProximaNova-XboldIt.otf in Resources */,
				F32C522328F3262300E6C840 /* Launch Screen.storyboard in Resources */,
				F37CB02D28E83D940061B273 /* Menu.storyboard in Resources */,
				F37CB02F28E83DB60061B273 /* Messages.storyboard in Resources */,
				F32C525428F5E50200E6C840 /* ProximaNova-Black.otf in Resources */,
				0302BBAD2926609C000238A1 /* NewsFeedCollectionViewCell.xib in Resources */,
				037665B2292FEEF9002FA7DE /* DetailPost.storyboard in Resources */,
				F32C525C28F5E50200E6C840 /* ProximaNova-Reg.otf in Resources */,
				03D7309D28FEEE4D00BBA498 /* VerifyOTP.storyboard in Resources */,
				F32C525A28F5E50200E6C840 /* ProximaNova-ThinIt.otf in Resources */,
				F37CB02928E83D5C0061B273 /* Home.storyboard in Resources */,
				F32C525528F5E50200E6C840 /* ProximaNova-Bold.otf in Resources */,
				03B893F02928C4AB00803DD9 /* LoadmoreIndicatorReusableView.xib in Resources */,
				F32C522A28F334F200E6C840 /* Assets.xcassets in Resources */,
				F32C525B28F5E50200E6C840 /* ProximaNova-Xbold.otf in Resources */,
				F37CB03128E83DC90061B273 /* Register.storyboard in Resources */,
				03B893F42928C54500803DD9 /* NewsfeedSkeletonCollectionViewCell.xib in Resources */,
			);
			runOnlyForDeploymentPostprocessing = 0;
		};
/* End PBXResourcesBuildPhase section */

/* Begin PBXShellScriptBuildPhase section */
		123AE7A5742C9BD9B1DA7C5C /* [CP] Check Pods Manifest.lock */ = {
			isa = PBXShellScriptBuildPhase;
			buildActionMask = 2147483647;
			files = (
			);
			inputFileListPaths = (
			);
			inputPaths = (
				"${PODS_PODFILE_DIR_PATH}/Podfile.lock",
				"${PODS_ROOT}/Manifest.lock",
			);
			name = "[CP] Check Pods Manifest.lock";
			outputFileListPaths = (
			);
			outputPaths = (
				"$(DERIVED_FILE_DIR)/Pods-Attorney-checkManifestLockResult.txt",
			);
			runOnlyForDeploymentPostprocessing = 0;
			shellPath = /bin/sh;
			shellScript = "diff \"${PODS_PODFILE_DIR_PATH}/Podfile.lock\" \"${PODS_ROOT}/Manifest.lock\" > /dev/null\nif [ $? != 0 ] ; then\n    # print error to STDERR\n    echo \"error: The sandbox is not in sync with the Podfile.lock. Run 'pod install' or update your CocoaPods installation.\" >&2\n    exit 1\nfi\n# This output is used by Xcode 'outputs' to avoid re-running this script phase.\necho \"SUCCESS\" > \"${SCRIPT_OUTPUT_FILE_0}\"\n";
			showEnvVarsInLog = 0;
		};
		53E3A76B32DA59274EEAA8EE /* [CP] Embed Pods Frameworks */ = {
			isa = PBXShellScriptBuildPhase;
			buildActionMask = 2147483647;
			files = (
			);
			inputFileListPaths = (
				"${PODS_ROOT}/Target Support Files/Pods-Attorney/Pods-Attorney-frameworks-${CONFIGURATION}-input-files.xcfilelist",
			);
			name = "[CP] Embed Pods Frameworks";
			outputFileListPaths = (
				"${PODS_ROOT}/Target Support Files/Pods-Attorney/Pods-Attorney-frameworks-${CONFIGURATION}-output-files.xcfilelist",
			);
			runOnlyForDeploymentPostprocessing = 0;
			shellPath = /bin/sh;
			shellScript = "\"${PODS_ROOT}/Target Support Files/Pods-Attorney/Pods-Attorney-frameworks.sh\"\n";
			showEnvVarsInLog = 0;
		};
		F37CB02128E82A690061B273 /* SortByName */ = {
			isa = PBXShellScriptBuildPhase;
			buildActionMask = 2147483647;
			files = (
			);
			inputFileListPaths = (
			);
			inputPaths = (
			);
			name = SortByName;
			outputFileListPaths = (
			);
			outputPaths = (
			);
			runOnlyForDeploymentPostprocessing = 0;
			shellPath = /bin/sh;
			shellScript = "# Type a script or drag a script file from your workspace to insert its path.\n";
		};
		F37CB02228E82AB60061B273 /* R.swift */ = {
			isa = PBXShellScriptBuildPhase;
			alwaysOutOfDate = 1;
			buildActionMask = 2147483647;
			files = (
			);
			inputFileListPaths = (
			);
			inputPaths = (
			);
			name = R.swift;
			outputFileListPaths = (
			);
			outputPaths = (
				$SRCROOT/R.generated.swift,
			);
			runOnlyForDeploymentPostprocessing = 0;
			shellPath = /bin/sh;
			shellScript = "# Type a script or drag a script file from your workspace to insert its path.\n\n\"$PODS_ROOT/R.swift/rswift\" generate \"$SRCROOT/R.generated.swift\"\n";
		};
		F37CB02328E82B2C0061B273 /* Sort and Remove duplicates Localizable.strings */ = {
			isa = PBXShellScriptBuildPhase;
			buildActionMask = 2147483647;
			files = (
			);
			inputFileListPaths = (
			);
			inputPaths = (
			);
			name = "Sort and Remove duplicates Localizable.strings";
			outputFileListPaths = (
			);
			outputPaths = (
			);
			runOnlyForDeploymentPostprocessing = 0;
			shellPath = /bin/sh;
			shellScript = "# Type a script or drag a script file from your workspace to insert its path.\nfolders_array=(\"Attorney\")\n\nfor folder in ${folders_array[*]}\ndo\n    STRINGS_TMP=\"strings.tmp\"\n    mkdir -p \"$STRINGS_TMP\"\n    FILES=`find \"$folder\" -name \"Localizable*strings\"`\n\n    for FILE in $FILES\n    do\n        echo $FILE\n        sort -u -o $FILE{,}\n    done\ndone\n";
		};
/* End PBXShellScriptBuildPhase section */

/* Begin PBXSourcesBuildPhase section */
		F37CAFF028E819D10061B273 /* Sources */ = {
			isa = PBXSourcesBuildPhase;
			buildActionMask = 2147483647;
			files = (
				03B893FC29290EB000803DD9 /* UserDefaultExtension.swift in Sources */,
				03A63DA429053C9800C1C72D /* RegistrasionViewModel.swift in Sources */,
				F32C523728F40A8500E6C840 /* AttorneyAPIProtocol.swift in Sources */,
				035424D22912CEB7002235FB /* ErrorViewController.swift in Sources */,
				035A46D7291414A200A64898 /* TinyLoadingViewController.swift in Sources */,
				03A63DA229053ABA00C1C72D /* DateExtension.swift in Sources */,
				03B893E629288DB000803DD9 /* Post.swift in Sources */,
				F3886F1828EFD06600A14F47 /* SplashViewController.swift in Sources */,
				F37CB03A28E840930061B273 /* LoginViewController.swift in Sources */,
				F37CB01928E81D570061B273 /* ApplicationCoordinator.swift in Sources */,
				03EE2BB4290D0D3A00A8317A /* PrimitiveSequenceExtension.swift in Sources */,
				035DF5352901970C00A80C8E /* CoachmarkContent.swift in Sources */,
				03B893E92928B43800803DD9 /* PostList.swift in Sources */,
				F32C523128F33D1400E6C840 /* Networking.swift in Sources */,
				0302BBA22926399A000238A1 /* HeaderHomeReusableView.swift in Sources */,
				03B893F32928C54500803DD9 /* NewsfeedSkeletonCollectionViewCell.swift in Sources */,
				F32C523328F33EDC00E6C840 /* Reachablity.swift in Sources */,
				F37CB05228E849520061B273 /* Configurations.swift in Sources */,
				03B893F62928CC3500803DD9 /* ReusableViewExtension.swift in Sources */,
				03D583A02914EF2500D0D4E3 /* SuccessViewController.swift in Sources */,
				F37CB03E28E840E10061B273 /* DashboardTabBarController.swift in Sources */,
				035DF5372901973C00A80C8E /* CoachmarkType.swift in Sources */,
				F32C523F28F477F300E6C840 /* UIViewExtension.swift in Sources */,
				035DF5302901956900A80C8E /* CoachmarkView.swift in Sources */,
				03C8A031290F2CF80093E097 /* UITextViewExtension.swift in Sources */,
				03C40A0F2933D2400097A905 /* Comment.swift in Sources */,
				03933CC529311A10001E4631 /* PostDetailViewController.swift in Sources */,
				F37CB04F28E848AE0061B273 /* Observable+Operators.swift in Sources */,
				03EE2BB2290D060300A8317A /* Login.swift in Sources */,
				0345C93D28FA71610029F4F9 /* R.generated.swift in Sources */,
				0302BBA829263C0E000238A1 /* HomeViewModel.swift in Sources */,
				035424D42912D316002235FB /* UIViewControllerExtension.swift in Sources */,
				03D730A028FEEF4C00BBA498 /* VerifyOTPViewController.swift in Sources */,
				03B893F8292907FC00803DD9 /* UIImageViewExtension.swift in Sources */,
				035DF533290196CF00A80C8E /* CoachmarkPreferences.swift in Sources */,
				03B893EB2928BC2A00803DD9 /* UIScrollViewExtension.swift in Sources */,
				F37CB04D28E846D30061B273 /* ErrorTracker.swift in Sources */,
				03EE2BC0290D1ACE00A8317A /* Response+Codable.swift in Sources */,
				03EE2BC6290D502D00A8317A /* ErrorMessage.swift in Sources */,
				F3886F1F28EFEA5B00A14F47 /* MessageCoordinator.swift in Sources */,
				03EE2BBC290D10EA00A8317A /* Codable.swift in Sources */,
				F37CB04B28E846C20061B273 /* ActivityIndicator.swift in Sources */,
				0302BBA4292639F0000238A1 /* BaseCustomView.swift in Sources */,
				F32C523928F4649F00E6C840 /* UserService.swift in Sources */,
				F37CB04828E843510061B273 /* ColorConstants.swift in Sources */,
				035424D62912D42C002235FB /* VerifyOTPViewModel.swift in Sources */,
				F32C522128F2A73A00E6C840 /* UIColorExtension.swift in Sources */,
				03E318CE292BD3C0004C7791 /* NSAttributedStringExtension.swift in Sources */,
				03A63DA02905388000C1C72D /* ValidationRegistrationForm.swift in Sources */,
				F37CB04028E840F50061B273 /* MenuViewController.swift in Sources */,
				F37CB04228E841010061B273 /* HomeViewController.swift in Sources */,
				0302BBAB29266077000238A1 /* NewsFeedCollectionViewCell.swift in Sources */,
				F3886F2328EFEA8A00A14F47 /* MenuCoordinator.swift in Sources */,
				035DF53929019E8E00A80C8E /* CGReactExtension.swift in Sources */,
				F3886F2128EFEA6E00A14F47 /* NotificationCoordinator.swift in Sources */,
				03D7309628FEDAA300BBA498 /* RequestOTPViewController.swift in Sources */,
				F32C523B28F4650E00E6C840 /* UserInfo.swift in Sources */,
				F37CB04628E841220061B273 /* MessagesViewController.swift in Sources */,
				03A63DA629057B5900C1C72D /* Register.swift in Sources */,
				03D583A32915050400D0D4E3 /* RequestOTPViewModel.swift in Sources */,
				F32C523D28F4777F00E6C840 /* UIButtonExtension.swift in Sources */,
				038F24D928FBEA2700F20009 /* UIFontExtension.swift in Sources */,
				F32C522D28F33AD700E6C840 /* AttorneySNSAPI.swift in Sources */,
				03D7309128FED12100BBA498 /* ResetPasswordViewController.swift in Sources */,
				F37CAFF828E819D10061B273 /* AppDelegate.swift in Sources */,
				F37CB01E28E8233D0061B273 /* ViewController.swift in Sources */,
				F32C523528F409C700E6C840 /* RestAPI.swift in Sources */,
				03B893ED2928C43E00803DD9 /* LoadmoreIndicatorReusableView.swift in Sources */,
				035A46CF291410BB00A64898 /* DigitInputView.swift in Sources */,
				F37CB04428E841140061B273 /* NotificationsViewController.swift in Sources */,
				03EE2BC2290D20BD00A8317A /* Single+Codable.swift in Sources */,
				03933CC72932474F001E4631 /* PostDetailViewModel.swift in Sources */,
				03EE2BC4290D4F2700A8317A /* LoginViewModel.swift in Sources */,
				038B9DF729162D4400039F4D /* ResetPassword.swift in Sources */,
				F32C526328F7259200E6C840 /* UITextFieldExtension.swift in Sources */,
				03A63D9E2905371300C1C72D /* RegisterViewController.swift in Sources */,
				0309D987290048B50000F9D6 /* InputTextField.swift in Sources */,
				035A46D2291413A300A64898 /* AttorneyTransition.swift in Sources */,
				F3886F1D28EFEA4100A14F47 /* HomeCoordinator.swift in Sources */,
				0302BBA629263A58000238A1 /* NameDescribable.swift in Sources */,
				F32C526528F725FE00E6C840 /* StringExtension.swift in Sources */,
				F37CB01728E81BE40061B273 /* DebugLog.swift in Sources */,
				0345C94128FAA5FC0029F4F9 /* AttorneyFormatter.swift in Sources */,
				038B9DF529162BCD00039F4D /* ResetPasswordViewModel.swift in Sources */,
				0345C93F28FAA1290029F4F9 /* Keys.swift in Sources */,
				F32C522F28F33BF700E6C840 /* Application.swift in Sources */,
				03EE2BBA290D105100A8317A /* ErrorResponse.swift in Sources */,
				03EE2BBE290D1AAC00A8317A /* ObservableType+Codable.swift in Sources */,
				03EE2BB8290D0DBA00A8317A /* AttorneyError.swift in Sources */,
				F37CB02028E8260F0061B273 /* ViewModel.swift in Sources */,
			);
			runOnlyForDeploymentPostprocessing = 0;
		};
/* End PBXSourcesBuildPhase section */

/* Begin PBXVariantGroup section */
		F31EF4FA28F1E18E0043E7AB /* Localizable.strings */ = {
			isa = PBXVariantGroup;
			children = (
				F31EF4F928F1E18E0043E7AB /* en */,
			);
			name = Localizable.strings;
			sourceTree = "<group>";
		};
/* End PBXVariantGroup section */

/* Begin XCBuildConfiguration section */
		F37CB00628E819D30061B273 /* Debug */ = {
			isa = XCBuildConfiguration;
			buildSettings = {
				ALWAYS_SEARCH_USER_PATHS = NO;
				CLANG_ANALYZER_NONNULL = YES;
				CLANG_ANALYZER_NUMBER_OBJECT_CONVERSION = YES_AGGRESSIVE;
				CLANG_CXX_LANGUAGE_STANDARD = "gnu++17";
				CLANG_ENABLE_MODULES = YES;
				CLANG_ENABLE_OBJC_ARC = YES;
				CLANG_ENABLE_OBJC_WEAK = YES;
				CLANG_WARN_BLOCK_CAPTURE_AUTORELEASING = YES;
				CLANG_WARN_BOOL_CONVERSION = YES;
				CLANG_WARN_COMMA = YES;
				CLANG_WARN_CONSTANT_CONVERSION = YES;
				CLANG_WARN_DEPRECATED_OBJC_IMPLEMENTATIONS = YES;
				CLANG_WARN_DIRECT_OBJC_ISA_USAGE = YES_ERROR;
				CLANG_WARN_DOCUMENTATION_COMMENTS = YES;
				CLANG_WARN_EMPTY_BODY = YES;
				CLANG_WARN_ENUM_CONVERSION = YES;
				CLANG_WARN_INFINITE_RECURSION = YES;
				CLANG_WARN_INT_CONVERSION = YES;
				CLANG_WARN_NON_LITERAL_NULL_CONVERSION = YES;
				CLANG_WARN_OBJC_IMPLICIT_RETAIN_SELF = YES;
				CLANG_WARN_OBJC_LITERAL_CONVERSION = YES;
				CLANG_WARN_OBJC_ROOT_CLASS = YES_ERROR;
				CLANG_WARN_QUOTED_INCLUDE_IN_FRAMEWORK_HEADER = YES;
				CLANG_WARN_RANGE_LOOP_ANALYSIS = YES;
				CLANG_WARN_STRICT_PROTOTYPES = YES;
				CLANG_WARN_SUSPICIOUS_MOVE = YES;
				CLANG_WARN_UNGUARDED_AVAILABILITY = YES_AGGRESSIVE;
				CLANG_WARN_UNREACHABLE_CODE = YES;
				CLANG_WARN__DUPLICATE_METHOD_MATCH = YES;
				COPY_PHASE_STRIP = NO;
				DEBUG_INFORMATION_FORMAT = dwarf;
				ENABLE_STRICT_OBJC_MSGSEND = YES;
				ENABLE_TESTABILITY = YES;
				GCC_C_LANGUAGE_STANDARD = gnu11;
				GCC_DYNAMIC_NO_PIC = NO;
				GCC_NO_COMMON_BLOCKS = YES;
				GCC_OPTIMIZATION_LEVEL = 0;
				GCC_PREPROCESSOR_DEFINITIONS = (
					"DEBUG=1",
					"$(inherited)",
				);
				GCC_WARN_64_TO_32_BIT_CONVERSION = YES;
				GCC_WARN_ABOUT_RETURN_TYPE = YES_ERROR;
				GCC_WARN_UNDECLARED_SELECTOR = YES;
				GCC_WARN_UNINITIALIZED_AUTOS = YES_AGGRESSIVE;
				GCC_WARN_UNUSED_FUNCTION = YES;
				GCC_WARN_UNUSED_VARIABLE = YES;
				IPHONEOS_DEPLOYMENT_TARGET = 13.2;
				MTL_ENABLE_DEBUG_INFO = INCLUDE_SOURCE;
				MTL_FAST_MATH = YES;
				ONLY_ACTIVE_ARCH = YES;
				SDKROOT = iphoneos;
				SWIFT_ACTIVE_COMPILATION_CONDITIONS = DEBUG;
				SWIFT_OPTIMIZATION_LEVEL = "-Onone";
			};
			name = Debug;
		};
		F37CB00728E819D30061B273 /* Release */ = {
			isa = XCBuildConfiguration;
			buildSettings = {
				ALWAYS_SEARCH_USER_PATHS = NO;
				CLANG_ANALYZER_NONNULL = YES;
				CLANG_ANALYZER_NUMBER_OBJECT_CONVERSION = YES_AGGRESSIVE;
				CLANG_CXX_LANGUAGE_STANDARD = "gnu++17";
				CLANG_ENABLE_MODULES = YES;
				CLANG_ENABLE_OBJC_ARC = YES;
				CLANG_ENABLE_OBJC_WEAK = YES;
				CLANG_WARN_BLOCK_CAPTURE_AUTORELEASING = YES;
				CLANG_WARN_BOOL_CONVERSION = YES;
				CLANG_WARN_COMMA = YES;
				CLANG_WARN_CONSTANT_CONVERSION = YES;
				CLANG_WARN_DEPRECATED_OBJC_IMPLEMENTATIONS = YES;
				CLANG_WARN_DIRECT_OBJC_ISA_USAGE = YES_ERROR;
				CLANG_WARN_DOCUMENTATION_COMMENTS = YES;
				CLANG_WARN_EMPTY_BODY = YES;
				CLANG_WARN_ENUM_CONVERSION = YES;
				CLANG_WARN_INFINITE_RECURSION = YES;
				CLANG_WARN_INT_CONVERSION = YES;
				CLANG_WARN_NON_LITERAL_NULL_CONVERSION = YES;
				CLANG_WARN_OBJC_IMPLICIT_RETAIN_SELF = YES;
				CLANG_WARN_OBJC_LITERAL_CONVERSION = YES;
				CLANG_WARN_OBJC_ROOT_CLASS = YES_ERROR;
				CLANG_WARN_QUOTED_INCLUDE_IN_FRAMEWORK_HEADER = YES;
				CLANG_WARN_RANGE_LOOP_ANALYSIS = YES;
				CLANG_WARN_STRICT_PROTOTYPES = YES;
				CLANG_WARN_SUSPICIOUS_MOVE = YES;
				CLANG_WARN_UNGUARDED_AVAILABILITY = YES_AGGRESSIVE;
				CLANG_WARN_UNREACHABLE_CODE = YES;
				CLANG_WARN__DUPLICATE_METHOD_MATCH = YES;
				COPY_PHASE_STRIP = NO;
				DEBUG_INFORMATION_FORMAT = "dwarf-with-dsym";
				ENABLE_NS_ASSERTIONS = NO;
				ENABLE_STRICT_OBJC_MSGSEND = YES;
				GCC_C_LANGUAGE_STANDARD = gnu11;
				GCC_NO_COMMON_BLOCKS = YES;
				GCC_WARN_64_TO_32_BIT_CONVERSION = YES;
				GCC_WARN_ABOUT_RETURN_TYPE = YES_ERROR;
				GCC_WARN_UNDECLARED_SELECTOR = YES;
				GCC_WARN_UNINITIALIZED_AUTOS = YES_AGGRESSIVE;
				GCC_WARN_UNUSED_FUNCTION = YES;
				GCC_WARN_UNUSED_VARIABLE = YES;
				IPHONEOS_DEPLOYMENT_TARGET = 13.2;
				MTL_ENABLE_DEBUG_INFO = NO;
				MTL_FAST_MATH = YES;
				SDKROOT = iphoneos;
				SWIFT_COMPILATION_MODE = wholemodule;
				SWIFT_OPTIMIZATION_LEVEL = "-O";
				VALIDATE_PRODUCT = YES;
			};
			name = Release;
		};
		F37CB00928E819D30061B273 /* Debug */ = {
			isa = XCBuildConfiguration;
			baseConfigurationReference = 1C28909D11430D56557CD478 /* Pods-Attorney.debug.xcconfig */;
			buildSettings = {
				ASSETCATALOG_COMPILER_APPICON_NAME = AppIcon;
				ASSETCATALOG_COMPILER_GLOBAL_ACCENT_COLOR_NAME = AccentColor;
				BaseURL = "https://attorney-sns.herokuapp.com/api";
				CODE_SIGN_STYLE = Automatic;
				CURRENT_PROJECT_VERSION = 1;
				DEVELOPMENT_TEAM = 2J63PFPHXC;
				GENERATE_INFOPLIST_FILE = NO;
				INFOPLIST_FILE = Attorney/Resources/Info.plist;
				INFOPLIST_KEY_UIApplicationSupportsIndirectInputEvents = YES;
				INFOPLIST_KEY_UILaunchStoryboardName = Login;
				INFOPLIST_KEY_UIMainStoryboardFile = Login;
				INFOPLIST_KEY_UISupportedInterfaceOrientations = UIInterfaceOrientationPortrait;
				INFOPLIST_KEY_UISupportedInterfaceOrientations_iPad = "UIInterfaceOrientationPortrait UIInterfaceOrientationPortraitUpsideDown UIInterfaceOrientationLandscapeLeft UIInterfaceOrientationLandscapeRight";
				INFOPLIST_KEY_UISupportedInterfaceOrientations_iPhone = "UIInterfaceOrientationPortrait UIInterfaceOrientationLandscapeLeft UIInterfaceOrientationLandscapeRight";
				IPHONEOS_DEPLOYMENT_TARGET = 11.0;
				LD_RUNPATH_SEARCH_PATHS = (
					"$(inherited)",
					"@executable_path/Frameworks",
				);
				MARKETING_VERSION = 1.0.0;
				PRODUCT_BUNDLE_IDENTIFIER = com.thinhtruong.Attorney;
				PRODUCT_NAME = "$(TARGET_NAME)";
				SWIFT_EMIT_LOC_STRINGS = YES;
				SWIFT_VERSION = 5.0;
				TARGETED_DEVICE_FAMILY = 1;
			};
			name = Debug;
		};
		F37CB00A28E819D30061B273 /* Release */ = {
			isa = XCBuildConfiguration;
			baseConfigurationReference = 4DD08C80DA4F645AE4041E8A /* Pods-Attorney.release.xcconfig */;
			buildSettings = {
				ASSETCATALOG_COMPILER_APPICON_NAME = AppIcon;
				ASSETCATALOG_COMPILER_GLOBAL_ACCENT_COLOR_NAME = AccentColor;
				BaseURL = "https://attorney-sns.herokuapp.com/api";
				CODE_SIGN_STYLE = Automatic;
				CURRENT_PROJECT_VERSION = 1;
				DEVELOPMENT_TEAM = 2J63PFPHXC;
				GENERATE_INFOPLIST_FILE = NO;
				INFOPLIST_FILE = Attorney/Resources/Info.plist;
				INFOPLIST_KEY_UIApplicationSupportsIndirectInputEvents = YES;
				INFOPLIST_KEY_UILaunchStoryboardName = Login;
				INFOPLIST_KEY_UIMainStoryboardFile = Login;
				INFOPLIST_KEY_UISupportedInterfaceOrientations = UIInterfaceOrientationPortrait;
				INFOPLIST_KEY_UISupportedInterfaceOrientations_iPad = "UIInterfaceOrientationPortrait UIInterfaceOrientationPortraitUpsideDown UIInterfaceOrientationLandscapeLeft UIInterfaceOrientationLandscapeRight";
				INFOPLIST_KEY_UISupportedInterfaceOrientations_iPhone = "UIInterfaceOrientationPortrait UIInterfaceOrientationLandscapeLeft UIInterfaceOrientationLandscapeRight";
				IPHONEOS_DEPLOYMENT_TARGET = 11.0;
				LD_RUNPATH_SEARCH_PATHS = (
					"$(inherited)",
					"@executable_path/Frameworks",
				);
				MARKETING_VERSION = 1.0.0;
				PRODUCT_BUNDLE_IDENTIFIER = com.thinhtruong.Attorney;
				PRODUCT_NAME = "$(TARGET_NAME)";
				SWIFT_EMIT_LOC_STRINGS = YES;
				SWIFT_VERSION = 5.0;
				TARGETED_DEVICE_FAMILY = 1;
			};
			name = Release;
		};
/* End XCBuildConfiguration section */

/* Begin XCConfigurationList section */
		F37CAFEF28E819D00061B273 /* Build configuration list for PBXProject "Attorney" */ = {
			isa = XCConfigurationList;
			buildConfigurations = (
				F37CB00628E819D30061B273 /* Debug */,
				F37CB00728E819D30061B273 /* Release */,
			);
			defaultConfigurationIsVisible = 0;
			defaultConfigurationName = Release;
		};
		F37CB00828E819D30061B273 /* Build configuration list for PBXNativeTarget "Attorney" */ = {
			isa = XCConfigurationList;
			buildConfigurations = (
				F37CB00928E819D30061B273 /* Debug */,
				F37CB00A28E819D30061B273 /* Release */,
			);
			defaultConfigurationIsVisible = 0;
			defaultConfigurationName = Release;
		};
/* End XCConfigurationList section */
	};
	rootObject = F37CAFEC28E819D00061B273 /* Project object */;
}
